PODS:
  - AnimatedCollectionViewLayout (1.0.1)
  - DateToolsSwift (5.0.0)

DEPENDENCIES:
  - AnimatedCollectionViewLayout
  - DateToolsSwift

SPEC CHECKSUMS:
  AnimatedCollectionViewLayout: 00f0997fd26f0fd02d8b99765023b95570b5d826
  DateToolsSwift: 4207ada6ad615d8dc076323d27037c94916dbfa6

PODFILE CHECKSUM: 349b32d6d62b2171f21b0c3a0664c070638ef6bc

COCOAPODS: 1.2.0
