// !$*UTF8*$!
{
	archiveVersion = 1;
	classes = {
	};
	objectVersion = 46;
	objects = {

/* Begin PBXBuildFile section */
		3217F85F1E4BD99E002A894C /* CGRect.swift in Sources */ = {isa = PBXBuildFile; fileRef = 3217F85E1E4BD99E002A894C /* CGRect.swift */; };
		324C87A61E3972AF006F974D /* DejaVuSans.ttf in Resources */ = {isa = PBXBuildFile; fileRef = 324C87A51E3972AF006F974D /* DejaVuSans.ttf */; };
		324C87A71E3972AF006F974D /* DejaVuSans.ttf in Resources */ = {isa = PBXBuildFile; fileRef = 324C87A51E3972AF006F974D /* DejaVuSans.ttf */; };
		32B8678A1E2D79F80029F946 /* MeasureView.swift in Sources */ = {isa = PBXBuildFile; fileRef = 32B867891E2D79F80029F946 /* MeasureView.swift */; };
		32B8678C1E3062C60029F946 /* NoteView.swift in Sources */ = {isa = PBXBuildFile; fileRef = 32B8678B1E3062C60029F946 /* NoteView.swift */; };
		47F8F36F1E59104200F959C9 /* testSimpleMeasure.swift in Sources */ = {isa = PBXBuildFile; fileRef = 47F8F36E1E59104200F959C9 /* testSimpleMeasure.swift */; };
		647E7D6823A9CE544AF81ACD /* Pods_allegroUITests.framework in Frameworks */ = {isa = PBXBuildFile; fileRef = 39A4678C79D645D3D0474C30 /* Pods_allegroUITests.framework */; };
		6B096E561E313B7200615723 /* NoteViewModel.swift in Sources */ = {isa = PBXBuildFile; fileRef = 6B096E551E313B7200615723 /* NoteViewModel.swift */; };
		6B096E581E31C6DC00615723 /* Rational.framework in Frameworks */ = {isa = PBXBuildFile; fileRef = 6B0B267D1E2F2E5F00F1870A /* Rational.framework */; };
		6B096E5A1E31D0E300615723 /* Rational.framework in CopyFiles */ = {isa = PBXBuildFile; fileRef = 6B0B267D1E2F2E5F00F1870A /* Rational.framework */; settings = {ATTRIBUTES = (CodeSignOnCopy, RemoveHeadersOnCopy, ); }; };
		6B096E5F1E342D6300615723 /* PartStore.swift in Sources */ = {isa = PBXBuildFile; fileRef = 6B096E5E1E342D6300615723 /* PartStore.swift */; };
		6B096E641E368E5D00615723 /* SlideMenuControllerSwift.framework in Frameworks */ = {isa = PBXBuildFile; fileRef = 6B096E631E368E5D00615723 /* SlideMenuControllerSwift.framework */; };
		6B096E671E37381E00615723 /* NoteSwipeActionGestureRecognizer.swift in Sources */ = {isa = PBXBuildFile; fileRef = 6B096E661E37381E00615723 /* NoteSwipeActionGestureRecognizer.swift */; };
		6B0B267E1E2F2E5F00F1870A /* Rational.framework in Frameworks */ = {isa = PBXBuildFile; fileRef = 6B0B267D1E2F2E5F00F1870A /* Rational.framework */; };
		6B0B26801E2F3DFB00F1870A /* MeasureViewCollection.swift in Sources */ = {isa = PBXBuildFile; fileRef = 6B0B267F1E2F3DFB00F1870A /* MeasureViewCollection.swift */; };
		6B1B8E801E48F3EB00851D02 /* MeasureTouchGuide.swift in Sources */ = {isa = PBXBuildFile; fileRef = 6B1B8E7F1E48F3EB00851D02 /* MeasureTouchGuide.swift */; };
		6B2CA8BF1E43815A009BA7FC /* NoteGeometry.swift in Sources */ = {isa = PBXBuildFile; fileRef = 6B2CA8BE1E43815A009BA7FC /* NoteGeometry.swift */; };
		6B3290F11E3C49B200AE693B /* Audio.swift in Sources */ = {isa = PBXBuildFile; fileRef = 6B3290F01E3C49B200AE693B /* Audio.swift */; };
		6B3290F31E3C4DD900AE693B /* AudioKit.framework in Frameworks */ = {isa = PBXBuildFile; fileRef = 6B3290F21E3C4DD900AE693B /* AudioKit.framework */; };
		6B3290F51E3C5BFB00AE693B /* MusicKit.framework in Frameworks */ = {isa = PBXBuildFile; fileRef = 6B3290F41E3C5BFA00AE693B /* MusicKit.framework */; };
		6B3290F71E3D4F9700AE693B /* TTGSnackbar.framework in Frameworks */ = {isa = PBXBuildFile; fileRef = 6B3290F61E3D4F9700AE693B /* TTGSnackbar.framework */; };
		6B3290F91E3D4FEB00AE693B /* Snackbar.swift in Sources */ = {isa = PBXBuildFile; fileRef = 6B3290F81E3D4FEB00AE693B /* Snackbar.swift */; };
		6B3797FB1E42A8DF001F9246 /* NoteActionView.swift in Sources */ = {isa = PBXBuildFile; fileRef = 6B3797FA1E42A8DF001F9246 /* NoteActionView.swift */; };
		6B3797FE1E42EC3A001F9246 /* MeasureGeometry.swift in Sources */ = {isa = PBXBuildFile; fileRef = 6B3797FD1E42EC3A001F9246 /* MeasureGeometry.swift */; };
		6B40EC091E3885CA004C7194 /* MeasureViewModel.swift in Sources */ = {isa = PBXBuildFile; fileRef = 6B40EC081E3885CA004C7194 /* MeasureViewModel.swift */; };
		6B4CFB571E4ACD900087CEA8 /* allegroExtensionTests.swift in Sources */ = {isa = PBXBuildFile; fileRef = 6B4CFB561E4ACD900087CEA8 /* allegroExtensionTests.swift */; };
		6B4CFB5D1E4C241B0087CEA8 /* NoteAction.swift in Sources */ = {isa = PBXBuildFile; fileRef = 6B4CFB5C1E4C241B0087CEA8 /* NoteAction.swift */; };
		6B5C3A3F1E5260E60088414C /* CGFloat.swift in Sources */ = {isa = PBXBuildFile; fileRef = 6B5C3A3E1E5260E60088414C /* CGFloat.swift */; };
		6B6774A31E2D7FC600399BDC /* Note.swift in Sources */ = {isa = PBXBuildFile; fileRef = 6B6774A21E2D7FC600399BDC /* Note.swift */; };
		6B6774A71E2D7FE600399BDC /* Part.swift in Sources */ = {isa = PBXBuildFile; fileRef = 6B6774A61E2D7FE600399BDC /* Part.swift */; };
		6B6774A91E2D7FEF00399BDC /* Tie.swift in Sources */ = {isa = PBXBuildFile; fileRef = 6B6774A81E2D7FEF00399BDC /* Tie.swift */; };
		6B6774AB1E2D7FF700399BDC /* Triplet.swift in Sources */ = {isa = PBXBuildFile; fileRef = 6B6774AA1E2D7FF700399BDC /* Triplet.swift */; };
		6B6BE38E1E2DE023007E0491 /* NoteSelectorCell.swift in Sources */ = {isa = PBXBuildFile; fileRef = 6B6BE38D1E2DE023007E0491 /* NoteSelectorCell.swift */; };
		6B6E26EE1E288F8200F9CF66 /* AppDelegate.swift in Sources */ = {isa = PBXBuildFile; fileRef = 6B6E26ED1E288F8200F9CF66 /* AppDelegate.swift */; };
		6B6E26F51E288F8200F9CF66 /* Assets.xcassets in Resources */ = {isa = PBXBuildFile; fileRef = 6B6E26F41E288F8200F9CF66 /* Assets.xcassets */; };
		6B6E26F81E288F8200F9CF66 /* LaunchScreen.storyboard in Resources */ = {isa = PBXBuildFile; fileRef = 6B6E26F61E288F8200F9CF66 /* LaunchScreen.storyboard */; };
		6B6E27031E288F8200F9CF66 /* allegroTests.swift in Sources */ = {isa = PBXBuildFile; fileRef = 6B6E27021E288F8200F9CF66 /* allegroTests.swift */; };
		6B6E270E1E288F8200F9CF66 /* allegroUITests.swift in Sources */ = {isa = PBXBuildFile; fileRef = 6B6E270D1E288F8200F9CF66 /* allegroUITests.swift */; };
		6B6E271D1E28979100F9CF66 /* CleanroomLogger.framework in Frameworks */ = {isa = PBXBuildFile; fileRef = 6B6E271C1E28979100F9CF66 /* CleanroomLogger.framework */; };
		6B6E27201E28985F00F9CF66 /* Utils.swift in Sources */ = {isa = PBXBuildFile; fileRef = 6B6E271F1E28985F00F9CF66 /* Utils.swift */; };
		6B6E27221E289D4600F9CF66 /* PartListingViewController.swift in Sources */ = {isa = PBXBuildFile; fileRef = 6B6E27211E289D4600F9CF66 /* PartListingViewController.swift */; };
		6B6E27241E289DE000F9CF66 /* RootNavigationViewController.swift in Sources */ = {isa = PBXBuildFile; fileRef = 6B6E27231E289DE000F9CF66 /* RootNavigationViewController.swift */; };
		6B6E27271E28B05100F9CF66 /* CompositionViewController.swift in Sources */ = {isa = PBXBuildFile; fileRef = 6B6E27261E28B05100F9CF66 /* CompositionViewController.swift */; };
		6B6E272D1E28C4E300F9CF66 /* SwiftTweaks.framework in Frameworks */ = {isa = PBXBuildFile; fileRef = 6B6E272C1E28C4E300F9CF66 /* SwiftTweaks.framework */; };
		6B80D7E81E457CD8003996CF /* Montserrat-Bold.ttf in Resources */ = {isa = PBXBuildFile; fileRef = 6B3290EE1E3AF55700AE693B /* Montserrat-Bold.ttf */; };
		6B80D7E91E457CD8003996CF /* Montserrat-Regular.ttf in Resources */ = {isa = PBXBuildFile; fileRef = 6B3290ED1E3AF51A00AE693B /* Montserrat-Regular.ttf */; };
		6B80D7EB1E466F30003996CF /* SideMenuButton.swift in Sources */ = {isa = PBXBuildFile; fileRef = 6B80D7EA1E466F30003996CF /* SideMenuButton.swift */; };
		6B92BE631E308A6A00CE2C9F /* MeasureViewCollectionCell.swift in Sources */ = {isa = PBXBuildFile; fileRef = 6B92BE621E308A6A00CE2C9F /* MeasureViewCollectionCell.swift */; };
		6B92BE651E308B2600CE2C9F /* MeasureViewContainer.swift in Sources */ = {isa = PBXBuildFile; fileRef = 6B92BE641E308B2600CE2C9F /* MeasureViewContainer.swift */; };
		6BA99CF21E66423100CE8D19 /* PartListingCell.swift in Sources */ = {isa = PBXBuildFile; fileRef = 6BA99CF11E66423100CE8D19 /* PartListingCell.swift */; };
		6BA99CF61E6649CD00CE8D19 /* PartFileManager.swift in Sources */ = {isa = PBXBuildFile; fileRef = 6BA99CF51E6649CD00CE8D19 /* PartFileManager.swift */; };
		6BBD4D201E3FF0EB00F0B50E /* RestView.swift in Sources */ = {isa = PBXBuildFile; fileRef = 6BBD4D1F1E3FF0EB00F0B50E /* RestView.swift */; };
		6BC598171E56294200F3677E /* Measure.swift in Sources */ = {isa = PBXBuildFile; fileRef = 6BC598161E56294200F3677E /* Measure.swift */; };
		6BE02B4B1E2DD33F0073D06F /* NoteSelectorMenu.swift in Sources */ = {isa = PBXBuildFile; fileRef = 6BE02B4A1E2DD33F0073D06F /* NoteSelectorMenu.swift */; };
		6BED4ABA1E49695F00DD2E19 /* CGPoint.swift in Sources */ = {isa = PBXBuildFile; fileRef = 6BED4AB91E49695F00DD2E19 /* CGPoint.swift */; };
		6BED4ABC1E49698100DD2E19 /* Array.swift in Sources */ = {isa = PBXBuildFile; fileRef = 6BED4ABB1E49698100DD2E19 /* Array.swift */; };
		6BED4ABE1E496A7900DD2E19 /* Rational.swift in Sources */ = {isa = PBXBuildFile; fileRef = 6BED4ABD1E496A7900DD2E19 /* Rational.swift */; };
		6BF02FAA1E3D9A2200F9B7B9 /* AEXML.framework in Frameworks */ = {isa = PBXBuildFile; fileRef = 6BF02FA91E3D9A2200F9B7B9 /* AEXML.framework */; };
		8280ADAD1E4295AB00DFE061 /* TimeSignatureViewController.swift in Sources */ = {isa = PBXBuildFile; fileRef = 8280ADAC1E4295AB00DFE061 /* TimeSignatureViewController.swift */; };
		8280ADAF1E4298F400DFE061 /* KeySignatureViewController.swift in Sources */ = {isa = PBXBuildFile; fileRef = 8280ADAE1E4298F400DFE061 /* KeySignatureViewController.swift */; };
		82FC8EA01E3049B300C59B7E /* SideMenuViewController.swift in Sources */ = {isa = PBXBuildFile; fileRef = 82FC8E9F1E3049B300C59B7E /* SideMenuViewController.swift */; };
		89A94F7BCE6590EED84BE2E2 /* Pods_allegro.framework in Frameworks */ = {isa = PBXBuildFile; fileRef = 2A2AB4D1F4E9BE124F4C6E9D /* Pods_allegro.framework */; };
		A38CFF6CB5898986752C58AB /* Pods_allegroTests.framework in Frameworks */ = {isa = PBXBuildFile; fileRef = A041ACB4829148BD2BFA2916 /* Pods_allegroTests.framework */; };
		B90F77971E3680C1009F0CA3 /* Mocks.swift in Sources */ = {isa = PBXBuildFile; fileRef = B90F77961E3680C1009F0CA3 /* Mocks.swift */; };
		B96902F01E6246E6006CF8D1 /* example0.xml in Resources */ = {isa = PBXBuildFile; fileRef = B96902EF1E6246E6006CF8D1 /* example0.xml */; };
		B96BCCC61E3D60650006A047 /* MusicXML.swift in Sources */ = {isa = PBXBuildFile; fileRef = B96BCCC51E3D60650006A047 /* MusicXML.swift */; };
		B988BE0B1E679046007BB32A /* PartMetadata.swift in Sources */ = {isa = PBXBuildFile; fileRef = B988BE0A1E679046007BB32A /* PartMetadata.swift */; };
		B98BF2801E58FBEB000CCF3E /* MusicXMLTests.swift in Sources */ = {isa = PBXBuildFile; fileRef = B98BF27F1E58FBEB000CCF3E /* MusicXMLTests.swift */; };
		B9ADCB821E2ED1F5001D72AE /* Key.swift in Sources */ = {isa = PBXBuildFile; fileRef = B9ADCB811E2ED1F5001D72AE /* Key.swift */; };
		B9AEF2811E40564900B0910E /* allegroViewModelTests.swift in Sources */ = {isa = PBXBuildFile; fileRef = B9AEF2801E40564900B0910E /* allegroViewModelTests.swift */; };
		B9AEF2831E60BF9200B0910E /* AEXMLElement.swift in Sources */ = {isa = PBXBuildFile; fileRef = B9AEF2821E60BF9200B0910E /* AEXMLElement.swift */; };
/* End PBXBuildFile section */

/* Begin PBXContainerItemProxy section */
		6B6E26FF1E288F8200F9CF66 /* PBXContainerItemProxy */ = {
			isa = PBXContainerItemProxy;
			containerPortal = 6B6E26E21E288F8200F9CF66 /* Project object */;
			proxyType = 1;
			remoteGlobalIDString = 6B6E26E91E288F8200F9CF66;
			remoteInfo = allegro;
		};
		6B6E270A1E288F8200F9CF66 /* PBXContainerItemProxy */ = {
			isa = PBXContainerItemProxy;
			containerPortal = 6B6E26E21E288F8200F9CF66 /* Project object */;
			proxyType = 1;
			remoteGlobalIDString = 6B6E26E91E288F8200F9CF66;
			remoteInfo = allegro;
		};
/* End PBXContainerItemProxy section */

/* Begin PBXCopyFilesBuildPhase section */
		6B096E591E31D0CD00615723 /* CopyFiles */ = {
			isa = PBXCopyFilesBuildPhase;
			buildActionMask = 2147483647;
			dstPath = "";
			dstSubfolderSpec = 10;
			files = (
				6B096E5A1E31D0E300615723 /* Rational.framework in CopyFiles */,
			);
			runOnlyForDeploymentPostprocessing = 0;
		};
/* End PBXCopyFilesBuildPhase section */

/* Begin PBXFileReference section */
		29F82434DECE1C4DB0338477 /* Pods-allegroUITests.release.xcconfig */ = {isa = PBXFileReference; includeInIndex = 1; lastKnownFileType = text.xcconfig; name = "Pods-allegroUITests.release.xcconfig"; path = "Pods/Target Support Files/Pods-allegroUITests/Pods-allegroUITests.release.xcconfig"; sourceTree = "<group>"; };
		2A2AB4D1F4E9BE124F4C6E9D /* Pods_allegro.framework */ = {isa = PBXFileReference; explicitFileType = wrapper.framework; includeInIndex = 0; path = Pods_allegro.framework; sourceTree = BUILT_PRODUCTS_DIR; };
		3217F85E1E4BD99E002A894C /* CGRect.swift */ = {isa = PBXFileReference; fileEncoding = 4; lastKnownFileType = sourcecode.swift; path = CGRect.swift; sourceTree = "<group>"; };
		324C87A51E3972AF006F974D /* DejaVuSans.ttf */ = {isa = PBXFileReference; lastKnownFileType = file; path = DejaVuSans.ttf; sourceTree = "<group>"; };
		32B867891E2D79F80029F946 /* MeasureView.swift */ = {isa = PBXFileReference; fileEncoding = 4; lastKnownFileType = sourcecode.swift; path = MeasureView.swift; sourceTree = "<group>"; };
		32B8678B1E3062C60029F946 /* NoteView.swift */ = {isa = PBXFileReference; fileEncoding = 4; lastKnownFileType = sourcecode.swift; path = NoteView.swift; sourceTree = "<group>"; };
		39A4678C79D645D3D0474C30 /* Pods_allegroUITests.framework */ = {isa = PBXFileReference; explicitFileType = wrapper.framework; includeInIndex = 0; path = Pods_allegroUITests.framework; sourceTree = BUILT_PRODUCTS_DIR; };
		3CB49C9AC2B9AA905E6A3B0A /* Pods-allegro.release.xcconfig */ = {isa = PBXFileReference; includeInIndex = 1; lastKnownFileType = text.xcconfig; name = "Pods-allegro.release.xcconfig"; path = "Pods/Target Support Files/Pods-allegro/Pods-allegro.release.xcconfig"; sourceTree = "<group>"; };
		47F8F36E1E59104200F959C9 /* testSimpleMeasure.swift */ = {isa = PBXFileReference; fileEncoding = 4; lastKnownFileType = sourcecode.swift; path = testSimpleMeasure.swift; sourceTree = "<group>"; };
		6B096E551E313B7200615723 /* NoteViewModel.swift */ = {isa = PBXFileReference; fileEncoding = 4; lastKnownFileType = sourcecode.swift; path = NoteViewModel.swift; sourceTree = "<group>"; };
		6B096E5E1E342D6300615723 /* PartStore.swift */ = {isa = PBXFileReference; fileEncoding = 4; lastKnownFileType = sourcecode.swift; path = PartStore.swift; sourceTree = "<group>"; };
		6B096E631E368E5D00615723 /* SlideMenuControllerSwift.framework */ = {isa = PBXFileReference; lastKnownFileType = wrapper.framework; name = SlideMenuControllerSwift.framework; path = Carthage/Build/iOS/SlideMenuControllerSwift.framework; sourceTree = SOURCE_ROOT; };
		6B096E661E37381E00615723 /* NoteSwipeActionGestureRecognizer.swift */ = {isa = PBXFileReference; fileEncoding = 4; lastKnownFileType = sourcecode.swift; path = NoteSwipeActionGestureRecognizer.swift; sourceTree = "<group>"; };
		6B0B267D1E2F2E5F00F1870A /* Rational.framework */ = {isa = PBXFileReference; lastKnownFileType = wrapper.framework; name = Rational.framework; path = Carthage/Build/iOS/Rational.framework; sourceTree = SOURCE_ROOT; };
		6B0B267F1E2F3DFB00F1870A /* MeasureViewCollection.swift */ = {isa = PBXFileReference; fileEncoding = 4; lastKnownFileType = sourcecode.swift; path = MeasureViewCollection.swift; sourceTree = "<group>"; };
		6B1B8E7F1E48F3EB00851D02 /* MeasureTouchGuide.swift */ = {isa = PBXFileReference; fileEncoding = 4; lastKnownFileType = sourcecode.swift; path = MeasureTouchGuide.swift; sourceTree = "<group>"; };
		6B2CA8BE1E43815A009BA7FC /* NoteGeometry.swift */ = {isa = PBXFileReference; fileEncoding = 4; lastKnownFileType = sourcecode.swift; path = NoteGeometry.swift; sourceTree = "<group>"; };
		6B3290ED1E3AF51A00AE693B /* Montserrat-Regular.ttf */ = {isa = PBXFileReference; lastKnownFileType = file; name = "Montserrat-Regular.ttf"; path = "fonts/Montserrat-Regular.ttf"; sourceTree = "<group>"; };
		6B3290EE1E3AF55700AE693B /* Montserrat-Bold.ttf */ = {isa = PBXFileReference; lastKnownFileType = file; name = "Montserrat-Bold.ttf"; path = "fonts/Montserrat-Bold.ttf"; sourceTree = "<group>"; };
		6B3290F01E3C49B200AE693B /* Audio.swift */ = {isa = PBXFileReference; fileEncoding = 4; lastKnownFileType = sourcecode.swift; path = Audio.swift; sourceTree = "<group>"; };
		6B3290F21E3C4DD900AE693B /* AudioKit.framework */ = {isa = PBXFileReference; lastKnownFileType = wrapper.framework; name = AudioKit.framework; path = Carthage/Build/iOS/AudioKit.framework; sourceTree = SOURCE_ROOT; };
		6B3290F41E3C5BFA00AE693B /* MusicKit.framework */ = {isa = PBXFileReference; lastKnownFileType = wrapper.framework; name = MusicKit.framework; path = Carthage/Build/iOS/MusicKit.framework; sourceTree = SOURCE_ROOT; };
		6B3290F61E3D4F9700AE693B /* TTGSnackbar.framework */ = {isa = PBXFileReference; lastKnownFileType = wrapper.framework; name = TTGSnackbar.framework; path = Carthage/Build/iOS/TTGSnackbar.framework; sourceTree = SOURCE_ROOT; };
		6B3290F81E3D4FEB00AE693B /* Snackbar.swift */ = {isa = PBXFileReference; fileEncoding = 4; lastKnownFileType = sourcecode.swift; path = Snackbar.swift; sourceTree = "<group>"; };
		6B3797FA1E42A8DF001F9246 /* NoteActionView.swift */ = {isa = PBXFileReference; fileEncoding = 4; lastKnownFileType = sourcecode.swift; path = NoteActionView.swift; sourceTree = "<group>"; };
		6B3797FD1E42EC3A001F9246 /* MeasureGeometry.swift */ = {isa = PBXFileReference; fileEncoding = 4; lastKnownFileType = sourcecode.swift; path = MeasureGeometry.swift; sourceTree = "<group>"; };
		6B40EC081E3885CA004C7194 /* MeasureViewModel.swift */ = {isa = PBXFileReference; fileEncoding = 4; lastKnownFileType = sourcecode.swift; path = MeasureViewModel.swift; sourceTree = "<group>"; };
		6B4CFB561E4ACD900087CEA8 /* allegroExtensionTests.swift */ = {isa = PBXFileReference; fileEncoding = 4; lastKnownFileType = sourcecode.swift; path = allegroExtensionTests.swift; sourceTree = "<group>"; };
		6B4CFB5C1E4C241B0087CEA8 /* NoteAction.swift */ = {isa = PBXFileReference; fileEncoding = 4; lastKnownFileType = sourcecode.swift; path = NoteAction.swift; sourceTree = "<group>"; };
		6B5C3A3E1E5260E60088414C /* CGFloat.swift */ = {isa = PBXFileReference; fileEncoding = 4; lastKnownFileType = sourcecode.swift; path = CGFloat.swift; sourceTree = "<group>"; };
		6B6774A21E2D7FC600399BDC /* Note.swift */ = {isa = PBXFileReference; fileEncoding = 4; lastKnownFileType = sourcecode.swift; path = Note.swift; sourceTree = "<group>"; };
		6B6774A61E2D7FE600399BDC /* Part.swift */ = {isa = PBXFileReference; fileEncoding = 4; lastKnownFileType = sourcecode.swift; path = Part.swift; sourceTree = "<group>"; };
		6B6774A81E2D7FEF00399BDC /* Tie.swift */ = {isa = PBXFileReference; fileEncoding = 4; lastKnownFileType = sourcecode.swift; path = Tie.swift; sourceTree = "<group>"; };
		6B6774AA1E2D7FF700399BDC /* Triplet.swift */ = {isa = PBXFileReference; fileEncoding = 4; lastKnownFileType = sourcecode.swift; path = Triplet.swift; sourceTree = "<group>"; };
		6B6BE38D1E2DE023007E0491 /* NoteSelectorCell.swift */ = {isa = PBXFileReference; fileEncoding = 4; lastKnownFileType = sourcecode.swift; path = NoteSelectorCell.swift; sourceTree = "<group>"; };
		6B6E26EA1E288F8200F9CF66 /* allegro.app */ = {isa = PBXFileReference; explicitFileType = wrapper.application; includeInIndex = 0; path = allegro.app; sourceTree = BUILT_PRODUCTS_DIR; };
		6B6E26ED1E288F8200F9CF66 /* AppDelegate.swift */ = {isa = PBXFileReference; lastKnownFileType = sourcecode.swift; path = AppDelegate.swift; sourceTree = "<group>"; };
		6B6E26F41E288F8200F9CF66 /* Assets.xcassets */ = {isa = PBXFileReference; lastKnownFileType = folder.assetcatalog; path = Assets.xcassets; sourceTree = "<group>"; };
		6B6E26F71E288F8200F9CF66 /* Base */ = {isa = PBXFileReference; lastKnownFileType = file.storyboard; name = Base; path = Base.lproj/LaunchScreen.storyboard; sourceTree = "<group>"; };
		6B6E26F91E288F8200F9CF66 /* Info.plist */ = {isa = PBXFileReference; lastKnownFileType = text.plist.xml; path = Info.plist; sourceTree = "<group>"; };
		6B6E26FE1E288F8200F9CF66 /* allegroTests.xctest */ = {isa = PBXFileReference; explicitFileType = wrapper.cfbundle; includeInIndex = 0; path = allegroTests.xctest; sourceTree = BUILT_PRODUCTS_DIR; };
		6B6E27021E288F8200F9CF66 /* allegroTests.swift */ = {isa = PBXFileReference; lastKnownFileType = sourcecode.swift; path = allegroTests.swift; sourceTree = "<group>"; };
		6B6E27041E288F8200F9CF66 /* Info.plist */ = {isa = PBXFileReference; lastKnownFileType = text.plist.xml; path = Info.plist; sourceTree = "<group>"; };
		6B6E27091E288F8200F9CF66 /* allegroUITests.xctest */ = {isa = PBXFileReference; explicitFileType = wrapper.cfbundle; includeInIndex = 0; path = allegroUITests.xctest; sourceTree = BUILT_PRODUCTS_DIR; };
		6B6E270D1E288F8200F9CF66 /* allegroUITests.swift */ = {isa = PBXFileReference; lastKnownFileType = sourcecode.swift; path = allegroUITests.swift; sourceTree = "<group>"; };
		6B6E270F1E288F8200F9CF66 /* Info.plist */ = {isa = PBXFileReference; lastKnownFileType = text.plist.xml; path = Info.plist; sourceTree = "<group>"; };
		6B6E271C1E28979100F9CF66 /* CleanroomLogger.framework */ = {isa = PBXFileReference; lastKnownFileType = wrapper.framework; name = CleanroomLogger.framework; path = Carthage/Build/iOS/CleanroomLogger.framework; sourceTree = SOURCE_ROOT; };
		6B6E271F1E28985F00F9CF66 /* Utils.swift */ = {isa = PBXFileReference; fileEncoding = 4; lastKnownFileType = sourcecode.swift; path = Utils.swift; sourceTree = "<group>"; };
		6B6E27211E289D4600F9CF66 /* PartListingViewController.swift */ = {isa = PBXFileReference; fileEncoding = 4; lastKnownFileType = sourcecode.swift; path = PartListingViewController.swift; sourceTree = "<group>"; };
		6B6E27231E289DE000F9CF66 /* RootNavigationViewController.swift */ = {isa = PBXFileReference; fileEncoding = 4; lastKnownFileType = sourcecode.swift; path = RootNavigationViewController.swift; sourceTree = "<group>"; };
		6B6E27261E28B05100F9CF66 /* CompositionViewController.swift */ = {isa = PBXFileReference; fileEncoding = 4; lastKnownFileType = sourcecode.swift; path = CompositionViewController.swift; sourceTree = "<group>"; };
		6B6E272C1E28C4E300F9CF66 /* SwiftTweaks.framework */ = {isa = PBXFileReference; lastKnownFileType = wrapper.framework; name = SwiftTweaks.framework; path = Carthage/Build/iOS/SwiftTweaks.framework; sourceTree = SOURCE_ROOT; };
		6B80D7EA1E466F30003996CF /* SideMenuButton.swift */ = {isa = PBXFileReference; fileEncoding = 4; lastKnownFileType = sourcecode.swift; path = SideMenuButton.swift; sourceTree = "<group>"; };
		6B92BE621E308A6A00CE2C9F /* MeasureViewCollectionCell.swift */ = {isa = PBXFileReference; fileEncoding = 4; lastKnownFileType = sourcecode.swift; path = MeasureViewCollectionCell.swift; sourceTree = "<group>"; };
		6B92BE641E308B2600CE2C9F /* MeasureViewContainer.swift */ = {isa = PBXFileReference; fileEncoding = 4; lastKnownFileType = sourcecode.swift; path = MeasureViewContainer.swift; sourceTree = "<group>"; };
		6BA99CF11E66423100CE8D19 /* PartListingCell.swift */ = {isa = PBXFileReference; fileEncoding = 4; lastKnownFileType = sourcecode.swift; path = PartListingCell.swift; sourceTree = "<group>"; };
		6BA99CF51E6649CD00CE8D19 /* PartFileManager.swift */ = {isa = PBXFileReference; fileEncoding = 4; lastKnownFileType = sourcecode.swift; path = PartFileManager.swift; sourceTree = "<group>"; };
		6BBD4D1F1E3FF0EB00F0B50E /* RestView.swift */ = {isa = PBXFileReference; fileEncoding = 4; lastKnownFileType = sourcecode.swift; path = RestView.swift; sourceTree = "<group>"; };
		6BC598161E56294200F3677E /* Measure.swift */ = {isa = PBXFileReference; fileEncoding = 4; lastKnownFileType = sourcecode.swift; path = Measure.swift; sourceTree = "<group>"; };
		6BE02B4A1E2DD33F0073D06F /* NoteSelectorMenu.swift */ = {isa = PBXFileReference; fileEncoding = 4; lastKnownFileType = sourcecode.swift; path = NoteSelectorMenu.swift; sourceTree = "<group>"; };
		6BED4AB91E49695F00DD2E19 /* CGPoint.swift */ = {isa = PBXFileReference; fileEncoding = 4; lastKnownFileType = sourcecode.swift; path = CGPoint.swift; sourceTree = "<group>"; };
		6BED4ABB1E49698100DD2E19 /* Array.swift */ = {isa = PBXFileReference; fileEncoding = 4; lastKnownFileType = sourcecode.swift; path = Array.swift; sourceTree = "<group>"; };
		6BED4ABD1E496A7900DD2E19 /* Rational.swift */ = {isa = PBXFileReference; fileEncoding = 4; lastKnownFileType = sourcecode.swift; path = Rational.swift; sourceTree = "<group>"; };
		6BF02FA91E3D9A2200F9B7B9 /* AEXML.framework */ = {isa = PBXFileReference; lastKnownFileType = wrapper.framework; name = AEXML.framework; path = Carthage/Build/iOS/AEXML.framework; sourceTree = SOURCE_ROOT; };
		8280ADAC1E4295AB00DFE061 /* TimeSignatureViewController.swift */ = {isa = PBXFileReference; fileEncoding = 4; lastKnownFileType = sourcecode.swift; path = TimeSignatureViewController.swift; sourceTree = "<group>"; };
		8280ADAE1E4298F400DFE061 /* KeySignatureViewController.swift */ = {isa = PBXFileReference; fileEncoding = 4; lastKnownFileType = sourcecode.swift; path = KeySignatureViewController.swift; sourceTree = "<group>"; };
		82FC8E9F1E3049B300C59B7E /* SideMenuViewController.swift */ = {isa = PBXFileReference; fileEncoding = 4; lastKnownFileType = sourcecode.swift; path = SideMenuViewController.swift; sourceTree = "<group>"; };
		9EA11674E74CCF5EDB06D551 /* Pods-allegroTests.release.xcconfig */ = {isa = PBXFileReference; includeInIndex = 1; lastKnownFileType = text.xcconfig; name = "Pods-allegroTests.release.xcconfig"; path = "Pods/Target Support Files/Pods-allegroTests/Pods-allegroTests.release.xcconfig"; sourceTree = "<group>"; };
		A041ACB4829148BD2BFA2916 /* Pods_allegroTests.framework */ = {isa = PBXFileReference; explicitFileType = wrapper.framework; includeInIndex = 0; path = Pods_allegroTests.framework; sourceTree = BUILT_PRODUCTS_DIR; };
		B48B0377F0C8F35F8EAD5DDB /* Pods-allegro.debug.xcconfig */ = {isa = PBXFileReference; includeInIndex = 1; lastKnownFileType = text.xcconfig; name = "Pods-allegro.debug.xcconfig"; path = "Pods/Target Support Files/Pods-allegro/Pods-allegro.debug.xcconfig"; sourceTree = "<group>"; };
		B90F77961E3680C1009F0CA3 /* Mocks.swift */ = {isa = PBXFileReference; fileEncoding = 4; lastKnownFileType = sourcecode.swift; path = Mocks.swift; sourceTree = "<group>"; };
		B96902EF1E6246E6006CF8D1 /* example0.xml */ = {isa = PBXFileReference; fileEncoding = 4; lastKnownFileType = text.xml; name = example0.xml; path = allegro/exampleMusicXML/example0.xml; sourceTree = "<group>"; };
		B96BCCC51E3D60650006A047 /* MusicXML.swift */ = {isa = PBXFileReference; fileEncoding = 4; lastKnownFileType = sourcecode.swift; path = MusicXML.swift; sourceTree = "<group>"; };
		B988BE0A1E679046007BB32A /* PartMetadata.swift */ = {isa = PBXFileReference; fileEncoding = 4; lastKnownFileType = sourcecode.swift; path = PartMetadata.swift; sourceTree = "<group>"; };
		B98BF27F1E58FBEB000CCF3E /* MusicXMLTests.swift */ = {isa = PBXFileReference; fileEncoding = 4; lastKnownFileType = sourcecode.swift; path = MusicXMLTests.swift; sourceTree = "<group>"; };
		B9ADCB811E2ED1F5001D72AE /* Key.swift */ = {isa = PBXFileReference; fileEncoding = 4; lastKnownFileType = sourcecode.swift; path = Key.swift; sourceTree = "<group>"; };
		B9AEF2801E40564900B0910E /* allegroViewModelTests.swift */ = {isa = PBXFileReference; fileEncoding = 4; lastKnownFileType = sourcecode.swift; path = allegroViewModelTests.swift; sourceTree = "<group>"; };
		B9AEF2821E60BF9200B0910E /* AEXMLElement.swift */ = {isa = PBXFileReference; fileEncoding = 4; lastKnownFileType = sourcecode.swift; path = AEXMLElement.swift; sourceTree = "<group>"; };
		BEA53266E630B8937E68457C /* Pods-allegroUITests.debug.xcconfig */ = {isa = PBXFileReference; includeInIndex = 1; lastKnownFileType = text.xcconfig; name = "Pods-allegroUITests.debug.xcconfig"; path = "Pods/Target Support Files/Pods-allegroUITests/Pods-allegroUITests.debug.xcconfig"; sourceTree = "<group>"; };
		DACD8BC72E26DC8A51C2E082 /* Pods-allegroTests.debug.xcconfig */ = {isa = PBXFileReference; includeInIndex = 1; lastKnownFileType = text.xcconfig; name = "Pods-allegroTests.debug.xcconfig"; path = "Pods/Target Support Files/Pods-allegroTests/Pods-allegroTests.debug.xcconfig"; sourceTree = "<group>"; };
/* End PBXFileReference section */

/* Begin PBXFrameworksBuildPhase section */
		6B6E26E71E288F8200F9CF66 /* Frameworks */ = {
			isa = PBXFrameworksBuildPhase;
			buildActionMask = 2147483647;
			files = (
				6B3290F31E3C4DD900AE693B /* AudioKit.framework in Frameworks */,
				6B3290F51E3C5BFB00AE693B /* MusicKit.framework in Frameworks */,
				6B0B267E1E2F2E5F00F1870A /* Rational.framework in Frameworks */,
				6B3290F71E3D4F9700AE693B /* TTGSnackbar.framework in Frameworks */,
				89A94F7BCE6590EED84BE2E2 /* Pods_allegro.framework in Frameworks */,
				6BF02FAA1E3D9A2200F9B7B9 /* AEXML.framework in Frameworks */,
				6B6E271D1E28979100F9CF66 /* CleanroomLogger.framework in Frameworks */,
				6B096E641E368E5D00615723 /* SlideMenuControllerSwift.framework in Frameworks */,
				6B6E272D1E28C4E300F9CF66 /* SwiftTweaks.framework in Frameworks */,
			);
			runOnlyForDeploymentPostprocessing = 0;
		};
		6B6E26FB1E288F8200F9CF66 /* Frameworks */ = {
			isa = PBXFrameworksBuildPhase;
			buildActionMask = 2147483647;
			files = (
				A38CFF6CB5898986752C58AB /* Pods_allegroTests.framework in Frameworks */,
				6B096E581E31C6DC00615723 /* Rational.framework in Frameworks */,
			);
			runOnlyForDeploymentPostprocessing = 0;
		};
		6B6E27061E288F8200F9CF66 /* Frameworks */ = {
			isa = PBXFrameworksBuildPhase;
			buildActionMask = 2147483647;
			files = (
				647E7D6823A9CE544AF81ACD /* Pods_allegroUITests.framework in Frameworks */,
			);
			runOnlyForDeploymentPostprocessing = 0;
		};
/* End PBXFrameworksBuildPhase section */

/* Begin PBXGroup section */
		1D8432D915E5A647654C0B36 /* Pods */ = {
			isa = PBXGroup;
			children = (
				B48B0377F0C8F35F8EAD5DDB /* Pods-allegro.debug.xcconfig */,
				3CB49C9AC2B9AA905E6A3B0A /* Pods-allegro.release.xcconfig */,
				DACD8BC72E26DC8A51C2E082 /* Pods-allegroTests.debug.xcconfig */,
				9EA11674E74CCF5EDB06D551 /* Pods-allegroTests.release.xcconfig */,
				BEA53266E630B8937E68457C /* Pods-allegroUITests.debug.xcconfig */,
				29F82434DECE1C4DB0338477 /* Pods-allegroUITests.release.xcconfig */,
			);
			name = Pods;
			sourceTree = "<group>";
		};
		324C87A41E3972A2006F974D /* Fonts */ = {
			isa = PBXGroup;
			children = (
				324C87A51E3972AF006F974D /* DejaVuSans.ttf */,
				6B3290EE1E3AF55700AE693B /* Montserrat-Bold.ttf */,
				6B3290ED1E3AF51A00AE693B /* Montserrat-Regular.ttf */,
			);
			name = Fonts;
			sourceTree = "<group>";
		};
		3EEFE93C8BB82DBAAA4FCB9E /* Frameworks */ = {
			isa = PBXGroup;
			children = (
				2A2AB4D1F4E9BE124F4C6E9D /* Pods_allegro.framework */,
				A041ACB4829148BD2BFA2916 /* Pods_allegroTests.framework */,
				39A4678C79D645D3D0474C30 /* Pods_allegroUITests.framework */,
			);
			name = Frameworks;
			sourceTree = "<group>";
		};
		6B096E541E313B5B00615723 /* ViewModels */ = {
			isa = PBXGroup;
			children = (
				6B40EC081E3885CA004C7194 /* MeasureViewModel.swift */,
				6B096E551E313B7200615723 /* NoteViewModel.swift */,
			);
			name = ViewModels;
			sourceTree = "<group>";
		};
		6B096E5D1E342D2000615723 /* Stores */ = {
			isa = PBXGroup;
			children = (
				6B096E5E1E342D6300615723 /* PartStore.swift */,
			);
			name = Stores;
			sourceTree = "<group>";
		};
		6B096E651E3737CF00615723 /* Recognizers */ = {
			isa = PBXGroup;
			children = (
				6B4CFB5C1E4C241B0087CEA8 /* NoteAction.swift */,
				6B096E661E37381E00615723 /* NoteSwipeActionGestureRecognizer.swift */,
			);
			name = Recognizers;
			sourceTree = "<group>";
		};
		6B3290EF1E3C463200AE693B /* Audio */ = {
			isa = PBXGroup;
			children = (
				6B3290F01E3C49B200AE693B /* Audio.swift */,
			);
			name = Audio;
			sourceTree = "<group>";
		};
		6B6774A01E2D7FAA00399BDC /* Models */ = {
			isa = PBXGroup;
			children = (
				B9ADCB811E2ED1F5001D72AE /* Key.swift */,
				6B6774A21E2D7FC600399BDC /* Note.swift */,
				6B6774A61E2D7FE600399BDC /* Part.swift */,
				6BC598161E56294200F3677E /* Measure.swift */,
				6B6774A81E2D7FEF00399BDC /* Tie.swift */,
				6B6774AA1E2D7FF700399BDC /* Triplet.swift */,
			);
			name = Models;
			sourceTree = "<group>";
		};
		6B6774A11E2D7FAE00399BDC /* Views */ = {
			isa = PBXGroup;
			children = (
				6B3797FD1E42EC3A001F9246 /* MeasureGeometry.swift */,
				6B1B8E7F1E48F3EB00851D02 /* MeasureTouchGuide.swift */,
				32B867891E2D79F80029F946 /* MeasureView.swift */,
				6B0B267F1E2F3DFB00F1870A /* MeasureViewCollection.swift */,
				6B92BE621E308A6A00CE2C9F /* MeasureViewCollectionCell.swift */,
				6B92BE641E308B2600CE2C9F /* MeasureViewContainer.swift */,
				6B3797FA1E42A8DF001F9246 /* NoteActionView.swift */,
				6B2CA8BE1E43815A009BA7FC /* NoteGeometry.swift */,
				6B6BE38D1E2DE023007E0491 /* NoteSelectorCell.swift */,
				6BE02B4A1E2DD33F0073D06F /* NoteSelectorMenu.swift */,
				32B8678B1E3062C60029F946 /* NoteView.swift */,
				6BBD4D1F1E3FF0EB00F0B50E /* RestView.swift */,
				6B80D7EA1E466F30003996CF /* SideMenuButton.swift */,
				6B3290F81E3D4FEB00AE693B /* Snackbar.swift */,
				6BA99CF11E66423100CE8D19 /* PartListingCell.swift */,
			);
			name = Views;
			sourceTree = "<group>";
		};
		6B6E26E11E288F8200F9CF66 = {
			isa = PBXGroup;
			children = (
				6B6E26EC1E288F8200F9CF66 /* allegro */,
				6B6E27011E288F8200F9CF66 /* allegroTests */,
				6B6E270C1E288F8200F9CF66 /* allegroUITests */,
				6B6E26EB1E288F8200F9CF66 /* Products */,
				1D8432D915E5A647654C0B36 /* Pods */,
				3EEFE93C8BB82DBAAA4FCB9E /* Frameworks */,
			);
			sourceTree = "<group>";
		};
		6B6E26EB1E288F8200F9CF66 /* Products */ = {
			isa = PBXGroup;
			children = (
				6B6E26EA1E288F8200F9CF66 /* allegro.app */,
				6B6E26FE1E288F8200F9CF66 /* allegroTests.xctest */,
				6B6E27091E288F8200F9CF66 /* allegroUITests.xctest */,
			);
			name = Products;
			sourceTree = "<group>";
		};
		6B6E26EC1E288F8200F9CF66 /* allegro */ = {
			isa = PBXGroup;
			children = (
				B96902ED1E6246B9006CF8D1 /* Resources */,
				6B6E271B1E28978100F9CF66 /* Frameworks */,
				6B6774A01E2D7FAA00399BDC /* Models */,
				6B6774A11E2D7FAE00399BDC /* Views */,
				6B096E541E313B5B00615723 /* ViewModels */,
				6B6E27251E289F5000F9CF66 /* Controllers */,
				6B096E5D1E342D2000615723 /* Stores */,
				6B096E651E3737CF00615723 /* Recognizers */,
				B96BCCC41E3D5FE50006A047 /* IO */,
				6B3290EF1E3C463200AE693B /* Audio */,
				6BED4AB81E49694B00DD2E19 /* Extensions */,
				6B6E26ED1E288F8200F9CF66 /* AppDelegate.swift */,
				6B6E271F1E28985F00F9CF66 /* Utils.swift */,
				B90F77961E3680C1009F0CA3 /* Mocks.swift */,
				6B6E26F41E288F8200F9CF66 /* Assets.xcassets */,
				6B6E26F61E288F8200F9CF66 /* LaunchScreen.storyboard */,
				6B6E26F91E288F8200F9CF66 /* Info.plist */,
			);
			path = allegro;
			sourceTree = "<group>";
		};
		6B6E27011E288F8200F9CF66 /* allegroTests */ = {
			isa = PBXGroup;
			children = (
				6B6E27021E288F8200F9CF66 /* allegroTests.swift */,
				B9AEF2801E40564900B0910E /* allegroViewModelTests.swift */,
				6B4CFB561E4ACD900087CEA8 /* allegroExtensionTests.swift */,
				B98BF27F1E58FBEB000CCF3E /* MusicXMLTests.swift */,
				47F8F36E1E59104200F959C9 /* testSimpleMeasure.swift */,
				6B6E27041E288F8200F9CF66 /* Info.plist */,
			);
			path = allegroTests;
			sourceTree = "<group>";
		};
		6B6E270C1E288F8200F9CF66 /* allegroUITests */ = {
			isa = PBXGroup;
			children = (
				6B6E270D1E288F8200F9CF66 /* allegroUITests.swift */,
				6B6E270F1E288F8200F9CF66 /* Info.plist */,
			);
			path = allegroUITests;
			sourceTree = "<group>";
		};
		6B6E271B1E28978100F9CF66 /* Frameworks */ = {
			isa = PBXGroup;
			children = (
				6BF02FA91E3D9A2200F9B7B9 /* AEXML.framework */,
				6B3290F21E3C4DD900AE693B /* AudioKit.framework */,
				6B6E271C1E28979100F9CF66 /* CleanroomLogger.framework */,
				6B3290F41E3C5BFA00AE693B /* MusicKit.framework */,
				6B6E272C1E28C4E300F9CF66 /* SwiftTweaks.framework */,
				6B0B267D1E2F2E5F00F1870A /* Rational.framework */,
				6B096E631E368E5D00615723 /* SlideMenuControllerSwift.framework */,
				6B3290F61E3D4F9700AE693B /* TTGSnackbar.framework */,
			);
			name = Frameworks;
			sourceTree = "<group>";
		};
		6B6E27251E289F5000F9CF66 /* Controllers */ = {
			isa = PBXGroup;
			children = (
				6B6E27261E28B05100F9CF66 /* CompositionViewController.swift */,
				6B6E27211E289D4600F9CF66 /* PartListingViewController.swift */,
				6B6E27231E289DE000F9CF66 /* RootNavigationViewController.swift */,
				82FC8E9F1E3049B300C59B7E /* SideMenuViewController.swift */,
				8280ADAC1E4295AB00DFE061 /* TimeSignatureViewController.swift */,
				8280ADAE1E4298F400DFE061 /* KeySignatureViewController.swift */,
			);
			name = Controllers;
			sourceTree = "<group>";
		};
		6BED4AB81E49694B00DD2E19 /* Extensions */ = {
			isa = PBXGroup;
			children = (
				6BED4ABB1E49698100DD2E19 /* Array.swift */,
				6B5C3A3E1E5260E60088414C /* CGFloat.swift */,
				6BED4AB91E49695F00DD2E19 /* CGPoint.swift */,
				6BED4ABD1E496A7900DD2E19 /* Rational.swift */,
				3217F85E1E4BD99E002A894C /* CGRect.swift */,
				B9AEF2821E60BF9200B0910E /* AEXMLElement.swift */,
			);
			name = Extensions;
			sourceTree = "<group>";
		};
		B96902EC1E62469A006CF8D1 /* Example MusicXML */ = {
			isa = PBXGroup;
			children = (
				B96902EF1E6246E6006CF8D1 /* example0.xml */,
			);
			name = "Example MusicXML";
			path = ..;
			sourceTree = "<group>";
		};
		B96902ED1E6246B9006CF8D1 /* Resources */ = {
			isa = PBXGroup;
			children = (
				324C87A41E3972A2006F974D /* Fonts */,
				B96902EC1E62469A006CF8D1 /* Example MusicXML */,
			);
			name = Resources;
			sourceTree = "<group>";
		};
		B96BCCC41E3D5FE50006A047 /* IO */ = {
			isa = PBXGroup;
			children = (
				B96BCCC51E3D60650006A047 /* MusicXML.swift */,
				6BA99CF51E6649CD00CE8D19 /* PartFileManager.swift */,
				B988BE0A1E679046007BB32A /* PartMetadata.swift */,
			);
			name = IO;
			sourceTree = "<group>";
		};
/* End PBXGroup section */

/* Begin PBXNativeTarget section */
		6B6E26E91E288F8200F9CF66 /* allegro */ = {
			isa = PBXNativeTarget;
			buildConfigurationList = 6B6E27121E288F8200F9CF66 /* Build configuration list for PBXNativeTarget "allegro" */;
			buildPhases = (
				1272D0D6E164FF51C9566104 /* [CP] Check Pods Manifest.lock */,
				6B6E26E61E288F8200F9CF66 /* Sources */,
				6B6E26E71E288F8200F9CF66 /* Frameworks */,
				6B6E26E81E288F8200F9CF66 /* Resources */,
				84B0A79678CCABA9C190EA01 /* [CP] Embed Pods Frameworks */,
				DA42C8FAD02770EFCC9A5FF6 /* [CP] Copy Pods Resources */,
				6B6E271E1E2897A400F9CF66 /* ShellScript */,
			);
			buildRules = (
			);
			dependencies = (
			);
			name = allegro;
			productName = allegro;
			productReference = 6B6E26EA1E288F8200F9CF66 /* allegro.app */;
			productType = "com.apple.product-type.application";
		};
		6B6E26FD1E288F8200F9CF66 /* allegroTests */ = {
			isa = PBXNativeTarget;
			buildConfigurationList = 6B6E27151E288F8200F9CF66 /* Build configuration list for PBXNativeTarget "allegroTests" */;
			buildPhases = (
				8328071F08C6972560FF5516 /* [CP] Check Pods Manifest.lock */,
				6B6E26FA1E288F8200F9CF66 /* Sources */,
				6B6E26FB1E288F8200F9CF66 /* Frameworks */,
				6B6E26FC1E288F8200F9CF66 /* Resources */,
				E2C2EA73734A957A318784FC /* [CP] Embed Pods Frameworks */,
				DC731A5C64E62C72909554E1 /* [CP] Copy Pods Resources */,
				6B096E591E31D0CD00615723 /* CopyFiles */,
			);
			buildRules = (
			);
			dependencies = (
				6B6E27001E288F8200F9CF66 /* PBXTargetDependency */,
			);
			name = allegroTests;
			productName = allegroTests;
			productReference = 6B6E26FE1E288F8200F9CF66 /* allegroTests.xctest */;
			productType = "com.apple.product-type.bundle.unit-test";
		};
		6B6E27081E288F8200F9CF66 /* allegroUITests */ = {
			isa = PBXNativeTarget;
			buildConfigurationList = 6B6E27181E288F8200F9CF66 /* Build configuration list for PBXNativeTarget "allegroUITests" */;
			buildPhases = (
				E00924FEA3884076A30D4DBC /* [CP] Check Pods Manifest.lock */,
				6B6E27051E288F8200F9CF66 /* Sources */,
				6B6E27061E288F8200F9CF66 /* Frameworks */,
				6B6E27071E288F8200F9CF66 /* Resources */,
				E06EB8309099F1BE49B38723 /* [CP] Embed Pods Frameworks */,
				96118104A06B1C2C0DE0687B /* [CP] Copy Pods Resources */,
			);
			buildRules = (
			);
			dependencies = (
				6B6E270B1E288F8200F9CF66 /* PBXTargetDependency */,
			);
			name = allegroUITests;
			productName = allegroUITests;
			productReference = 6B6E27091E288F8200F9CF66 /* allegroUITests.xctest */;
			productType = "com.apple.product-type.bundle.ui-testing";
		};
/* End PBXNativeTarget section */

/* Begin PBXProject section */
		6B6E26E21E288F8200F9CF66 /* Project object */ = {
			isa = PBXProject;
			attributes = {
				LastSwiftUpdateCheck = 0820;
				LastUpgradeCheck = 0820;
				ORGANIZATIONNAME = gigaunicorn;
				TargetAttributes = {
					6B6E26E91E288F8200F9CF66 = {
						CreatedOnToolsVersion = 8.2.1;
						DevelopmentTeam = 976H852GCK;
						ProvisioningStyle = Manual;
					};
					6B6E26FD1E288F8200F9CF66 = {
						CreatedOnToolsVersion = 8.2.1;
						DevelopmentTeam = 976H852GCK;
						ProvisioningStyle = Automatic;
						TestTargetID = 6B6E26E91E288F8200F9CF66;
					};
					6B6E27081E288F8200F9CF66 = {
						CreatedOnToolsVersion = 8.2.1;
						DevelopmentTeam = 976H852GCK;
						ProvisioningStyle = Automatic;
						TestTargetID = 6B6E26E91E288F8200F9CF66;
					};
				};
			};
			buildConfigurationList = 6B6E26E51E288F8200F9CF66 /* Build configuration list for PBXProject "allegro" */;
			compatibilityVersion = "Xcode 3.2";
			developmentRegion = English;
			hasScannedForEncodings = 0;
			knownRegions = (
				en,
				Base,
			);
			mainGroup = 6B6E26E11E288F8200F9CF66;
			productRefGroup = 6B6E26EB1E288F8200F9CF66 /* Products */;
			projectDirPath = "";
			projectRoot = "";
			targets = (
				6B6E26E91E288F8200F9CF66 /* allegro */,
				6B6E26FD1E288F8200F9CF66 /* allegroTests */,
				6B6E27081E288F8200F9CF66 /* allegroUITests */,
			);
		};
/* End PBXProject section */

/* Begin PBXResourcesBuildPhase section */
		6B6E26E81E288F8200F9CF66 /* Resources */ = {
			isa = PBXResourcesBuildPhase;
			buildActionMask = 2147483647;
			files = (
				6B6E26F81E288F8200F9CF66 /* LaunchScreen.storyboard in Resources */,
				6B6E26F51E288F8200F9CF66 /* Assets.xcassets in Resources */,
				324C87A61E3972AF006F974D /* DejaVuSans.ttf in Resources */,
				B96902F01E6246E6006CF8D1 /* example0.xml in Resources */,
				6B80D7E81E457CD8003996CF /* Montserrat-Bold.ttf in Resources */,
				6B80D7E91E457CD8003996CF /* Montserrat-Regular.ttf in Resources */,
			);
			runOnlyForDeploymentPostprocessing = 0;
		};
		6B6E26FC1E288F8200F9CF66 /* Resources */ = {
			isa = PBXResourcesBuildPhase;
			buildActionMask = 2147483647;
			files = (
			);
			runOnlyForDeploymentPostprocessing = 0;
		};
		6B6E27071E288F8200F9CF66 /* Resources */ = {
			isa = PBXResourcesBuildPhase;
			buildActionMask = 2147483647;
			files = (
				324C87A71E3972AF006F974D /* DejaVuSans.ttf in Resources */,
			);
			runOnlyForDeploymentPostprocessing = 0;
		};
/* End PBXResourcesBuildPhase section */

/* Begin PBXShellScriptBuildPhase section */
		1272D0D6E164FF51C9566104 /* [CP] Check Pods Manifest.lock */ = {
			isa = PBXShellScriptBuildPhase;
			buildActionMask = 2147483647;
			files = (
			);
			inputPaths = (
			);
			name = "[CP] Check Pods Manifest.lock";
			outputPaths = (
			);
			runOnlyForDeploymentPostprocessing = 0;
			shellPath = /bin/sh;
			shellScript = "diff \"${PODS_ROOT}/../Podfile.lock\" \"${PODS_ROOT}/Manifest.lock\" > /dev/null\nif [ $? != 0 ] ; then\n    # print error to STDERR\n    echo \"error: The sandbox is not in sync with the Podfile.lock. Run 'pod install' or update your CocoaPods installation.\" >&2\n    exit 1\nfi\n";
			showEnvVarsInLog = 0;
		};
		6B6E271E1E2897A400F9CF66 /* ShellScript */ = {
			isa = PBXShellScriptBuildPhase;
			buildActionMask = 2147483647;
			files = (
			);
			inputPaths = (
				"$(SRCROOT)/Carthage/Build/iOS/CleanroomLogger.framework",
				"$(SRCROOT)/Carthage/Build/iOS/SwiftTweaks.framework",
				"$(SRCROOT)/Carthage/Build/iOS/Rational.framework",
				"$(SRCROOT)/Carthage/Build/iOS/SlideMenuControllerSwift.framework",
				"$(SRCROOT)/Carthage/Build/iOS/TTGSnackbar.framework",
				"$(SRCROOT)/Carthage/Build/iOS/AEXML.framework",
				"$(SRCROOT)/Carthage/Build/iOS/AudioKit.framework",
				"$(SRCROOT)/Carthage/Build/iOS/MusicKit.framework",
			);
			outputPaths = (
			);
			runOnlyForDeploymentPostprocessing = 0;
			shellPath = /bin/sh;
			shellScript = "/usr/local/bin/carthage copy-frameworks";
		};
		8328071F08C6972560FF5516 /* [CP] Check Pods Manifest.lock */ = {
			isa = PBXShellScriptBuildPhase;
			buildActionMask = 2147483647;
			files = (
			);
			inputPaths = (
			);
			name = "[CP] Check Pods Manifest.lock";
			outputPaths = (
			);
			runOnlyForDeploymentPostprocessing = 0;
			shellPath = /bin/sh;
			shellScript = "diff \"${PODS_ROOT}/../Podfile.lock\" \"${PODS_ROOT}/Manifest.lock\" > /dev/null\nif [ $? != 0 ] ; then\n    # print error to STDERR\n    echo \"error: The sandbox is not in sync with the Podfile.lock. Run 'pod install' or update your CocoaPods installation.\" >&2\n    exit 1\nfi\n";
			showEnvVarsInLog = 0;
		};
		84B0A79678CCABA9C190EA01 /* [CP] Embed Pods Frameworks */ = {
			isa = PBXShellScriptBuildPhase;
			buildActionMask = 2147483647;
			files = (
			);
			inputPaths = (
			);
			name = "[CP] Embed Pods Frameworks";
			outputPaths = (
			);
			runOnlyForDeploymentPostprocessing = 0;
			shellPath = /bin/sh;
			shellScript = "\"${SRCROOT}/Pods/Target Support Files/Pods-allegro/Pods-allegro-frameworks.sh\"\n";
			showEnvVarsInLog = 0;
		};
		96118104A06B1C2C0DE0687B /* [CP] Copy Pods Resources */ = {
			isa = PBXShellScriptBuildPhase;
			buildActionMask = 2147483647;
			files = (
			);
			inputPaths = (
			);
			name = "[CP] Copy Pods Resources";
			outputPaths = (
			);
			runOnlyForDeploymentPostprocessing = 0;
			shellPath = /bin/sh;
			shellScript = "\"${SRCROOT}/Pods/Target Support Files/Pods-allegroUITests/Pods-allegroUITests-resources.sh\"\n";
			showEnvVarsInLog = 0;
		};
		DA42C8FAD02770EFCC9A5FF6 /* [CP] Copy Pods Resources */ = {
			isa = PBXShellScriptBuildPhase;
			buildActionMask = 2147483647;
			files = (
			);
			inputPaths = (
			);
			name = "[CP] Copy Pods Resources";
			outputPaths = (
			);
			runOnlyForDeploymentPostprocessing = 0;
			shellPath = /bin/sh;
			shellScript = "\"${SRCROOT}/Pods/Target Support Files/Pods-allegro/Pods-allegro-resources.sh\"\n";
			showEnvVarsInLog = 0;
		};
		DC731A5C64E62C72909554E1 /* [CP] Copy Pods Resources */ = {
			isa = PBXShellScriptBuildPhase;
			buildActionMask = 2147483647;
			files = (
			);
			inputPaths = (
			);
			name = "[CP] Copy Pods Resources";
			outputPaths = (
			);
			runOnlyForDeploymentPostprocessing = 0;
			shellPath = /bin/sh;
			shellScript = "\"${SRCROOT}/Pods/Target Support Files/Pods-allegroTests/Pods-allegroTests-resources.sh\"\n";
			showEnvVarsInLog = 0;
		};
		E00924FEA3884076A30D4DBC /* [CP] Check Pods Manifest.lock */ = {
			isa = PBXShellScriptBuildPhase;
			buildActionMask = 2147483647;
			files = (
			);
			inputPaths = (
			);
			name = "[CP] Check Pods Manifest.lock";
			outputPaths = (
			);
			runOnlyForDeploymentPostprocessing = 0;
			shellPath = /bin/sh;
			shellScript = "diff \"${PODS_ROOT}/../Podfile.lock\" \"${PODS_ROOT}/Manifest.lock\" > /dev/null\nif [ $? != 0 ] ; then\n    # print error to STDERR\n    echo \"error: The sandbox is not in sync with the Podfile.lock. Run 'pod install' or update your CocoaPods installation.\" >&2\n    exit 1\nfi\n";
			showEnvVarsInLog = 0;
		};
		E06EB8309099F1BE49B38723 /* [CP] Embed Pods Frameworks */ = {
			isa = PBXShellScriptBuildPhase;
			buildActionMask = 2147483647;
			files = (
			);
			inputPaths = (
			);
			name = "[CP] Embed Pods Frameworks";
			outputPaths = (
			);
			runOnlyForDeploymentPostprocessing = 0;
			shellPath = /bin/sh;
			shellScript = "\"${SRCROOT}/Pods/Target Support Files/Pods-allegroUITests/Pods-allegroUITests-frameworks.sh\"\n";
			showEnvVarsInLog = 0;
		};
		E2C2EA73734A957A318784FC /* [CP] Embed Pods Frameworks */ = {
			isa = PBXShellScriptBuildPhase;
			buildActionMask = 2147483647;
			files = (
			);
			inputPaths = (
			);
			name = "[CP] Embed Pods Frameworks";
			outputPaths = (
			);
			runOnlyForDeploymentPostprocessing = 0;
			shellPath = /bin/sh;
			shellScript = "\"${SRCROOT}/Pods/Target Support Files/Pods-allegroTests/Pods-allegroTests-frameworks.sh\"\n";
			showEnvVarsInLog = 0;
		};
/* End PBXShellScriptBuildPhase section */

/* Begin PBXSourcesBuildPhase section */
		6B6E26E61E288F8200F9CF66 /* Sources */ = {
			isa = PBXSourcesBuildPhase;
			buildActionMask = 2147483647;
			files = (
				6B6774AB1E2D7FF700399BDC /* Triplet.swift in Sources */,
				6B92BE651E308B2600CE2C9F /* MeasureViewContainer.swift in Sources */,
				6BBD4D201E3FF0EB00F0B50E /* RestView.swift in Sources */,
				6BE02B4B1E2DD33F0073D06F /* NoteSelectorMenu.swift in Sources */,
				6B80D7EB1E466F30003996CF /* SideMenuButton.swift in Sources */,
				6BED4ABE1E496A7900DD2E19 /* Rational.swift in Sources */,
				6B4CFB5D1E4C241B0087CEA8 /* NoteAction.swift in Sources */,
				6B5C3A3F1E5260E60088414C /* CGFloat.swift in Sources */,
				3217F85F1E4BD99E002A894C /* CGRect.swift in Sources */,
				6B3290F91E3D4FEB00AE693B /* Snackbar.swift in Sources */,
				6B6774A91E2D7FEF00399BDC /* Tie.swift in Sources */,
				6BC598171E56294200F3677E /* Measure.swift in Sources */,
				6BA99CF61E6649CD00CE8D19 /* PartFileManager.swift in Sources */,
				B9AEF2831E60BF9200B0910E /* AEXMLElement.swift in Sources */,
				32B8678A1E2D79F80029F946 /* MeasureView.swift in Sources */,
				6BED4ABC1E49698100DD2E19 /* Array.swift in Sources */,
				6B1B8E801E48F3EB00851D02 /* MeasureTouchGuide.swift in Sources */,
				6B096E5F1E342D6300615723 /* PartStore.swift in Sources */,
				6B6BE38E1E2DE023007E0491 /* NoteSelectorCell.swift in Sources */,
				6B6E27221E289D4600F9CF66 /* PartListingViewController.swift in Sources */,
				6B096E561E313B7200615723 /* NoteViewModel.swift in Sources */,
				6B6774A31E2D7FC600399BDC /* Note.swift in Sources */,
				82FC8EA01E3049B300C59B7E /* SideMenuViewController.swift in Sources */,
				6B6E26EE1E288F8200F9CF66 /* AppDelegate.swift in Sources */,
				6B6E27271E28B05100F9CF66 /* CompositionViewController.swift in Sources */,
				6BA99CF21E66423100CE8D19 /* PartListingCell.swift in Sources */,
				32B8678C1E3062C60029F946 /* NoteView.swift in Sources */,
				6B92BE631E308A6A00CE2C9F /* MeasureViewCollectionCell.swift in Sources */,
				B90F77971E3680C1009F0CA3 /* Mocks.swift in Sources */,
				6B6E27201E28985F00F9CF66 /* Utils.swift in Sources */,
				6B2CA8BF1E43815A009BA7FC /* NoteGeometry.swift in Sources */,
				B9ADCB821E2ED1F5001D72AE /* Key.swift in Sources */,
				6B3797FB1E42A8DF001F9246 /* NoteActionView.swift in Sources */,
				6B3290F11E3C49B200AE693B /* Audio.swift in Sources */,
				6B6774A71E2D7FE600399BDC /* Part.swift in Sources */,
				6BED4ABA1E49695F00DD2E19 /* CGPoint.swift in Sources */,
				B96BCCC61E3D60650006A047 /* MusicXML.swift in Sources */,
				6B6E27241E289DE000F9CF66 /* RootNavigationViewController.swift in Sources */,
				8280ADAF1E4298F400DFE061 /* KeySignatureViewController.swift in Sources */,
				6B3797FE1E42EC3A001F9246 /* MeasureGeometry.swift in Sources */,
				8280ADAD1E4295AB00DFE061 /* TimeSignatureViewController.swift in Sources */,
				6B0B26801E2F3DFB00F1870A /* MeasureViewCollection.swift in Sources */,
				6B096E671E37381E00615723 /* NoteSwipeActionGestureRecognizer.swift in Sources */,
				6B40EC091E3885CA004C7194 /* MeasureViewModel.swift in Sources */,
				B988BE0B1E679046007BB32A /* PartMetadata.swift in Sources */,
			);
			runOnlyForDeploymentPostprocessing = 0;
		};
		6B6E26FA1E288F8200F9CF66 /* Sources */ = {
			isa = PBXSourcesBuildPhase;
			buildActionMask = 2147483647;
			files = (
				6B4CFB571E4ACD900087CEA8 /* allegroExtensionTests.swift in Sources */,
				6B6E27031E288F8200F9CF66 /* allegroTests.swift in Sources */,
				47F8F36F1E59104200F959C9 /* testSimpleMeasure.swift in Sources */,
				B9AEF2811E40564900B0910E /* allegroViewModelTests.swift in Sources */,
				B98BF2801E58FBEB000CCF3E /* MusicXMLTests.swift in Sources */,
			);
			runOnlyForDeploymentPostprocessing = 0;
		};
		6B6E27051E288F8200F9CF66 /* Sources */ = {
			isa = PBXSourcesBuildPhase;
			buildActionMask = 2147483647;
			files = (
				6B6E270E1E288F8200F9CF66 /* allegroUITests.swift in Sources */,
			);
			runOnlyForDeploymentPostprocessing = 0;
		};
/* End PBXSourcesBuildPhase section */

/* Begin PBXTargetDependency section */
		6B6E27001E288F8200F9CF66 /* PBXTargetDependency */ = {
			isa = PBXTargetDependency;
			target = 6B6E26E91E288F8200F9CF66 /* allegro */;
			targetProxy = 6B6E26FF1E288F8200F9CF66 /* PBXContainerItemProxy */;
		};
		6B6E270B1E288F8200F9CF66 /* PBXTargetDependency */ = {
			isa = PBXTargetDependency;
			target = 6B6E26E91E288F8200F9CF66 /* allegro */;
			targetProxy = 6B6E270A1E288F8200F9CF66 /* PBXContainerItemProxy */;
		};
/* End PBXTargetDependency section */

/* Begin PBXVariantGroup section */
		6B6E26F61E288F8200F9CF66 /* LaunchScreen.storyboard */ = {
			isa = PBXVariantGroup;
			children = (
				6B6E26F71E288F8200F9CF66 /* Base */,
			);
			name = LaunchScreen.storyboard;
			sourceTree = "<group>";
		};
/* End PBXVariantGroup section */

/* Begin XCBuildConfiguration section */
		6B6E27101E288F8200F9CF66 /* Debug */ = {
			isa = XCBuildConfiguration;
			buildSettings = {
				ALWAYS_SEARCH_USER_PATHS = NO;
				CLANG_ANALYZER_NONNULL = YES;
				CLANG_CXX_LANGUAGE_STANDARD = "gnu++0x";
				CLANG_CXX_LIBRARY = "libc++";
				CLANG_ENABLE_MODULES = YES;
				CLANG_ENABLE_OBJC_ARC = YES;
				CLANG_WARN_BOOL_CONVERSION = YES;
				CLANG_WARN_CONSTANT_CONVERSION = YES;
				CLANG_WARN_DIRECT_OBJC_ISA_USAGE = YES_ERROR;
				CLANG_WARN_DOCUMENTATION_COMMENTS = YES;
				CLANG_WARN_EMPTY_BODY = YES;
				CLANG_WARN_ENUM_CONVERSION = YES;
				CLANG_WARN_INFINITE_RECURSION = YES;
				CLANG_WARN_INT_CONVERSION = YES;
				CLANG_WARN_OBJC_ROOT_CLASS = YES_ERROR;
				CLANG_WARN_SUSPICIOUS_MOVE = YES;
				CLANG_WARN_UNREACHABLE_CODE = YES;
				CLANG_WARN__DUPLICATE_METHOD_MATCH = YES;
				"CODE_SIGN_IDENTITY[sdk=iphoneos*]" = "iPhone Developer";
				COPY_PHASE_STRIP = NO;
				DEBUG_INFORMATION_FORMAT = dwarf;
				ENABLE_STRICT_OBJC_MSGSEND = YES;
				ENABLE_TESTABILITY = YES;
				FRAMEWORK_SEARCH_PATHS = "";
				GCC_C_LANGUAGE_STANDARD = gnu99;
				GCC_DYNAMIC_NO_PIC = NO;
				GCC_NO_COMMON_BLOCKS = YES;
				GCC_OPTIMIZATION_LEVEL = 0;
				GCC_PREPROCESSOR_DEFINITIONS = (
					"DEBUG=1",
					"$(inherited)",
				);
				GCC_WARN_64_TO_32_BIT_CONVERSION = YES;
				GCC_WARN_ABOUT_RETURN_TYPE = YES_ERROR;
				GCC_WARN_UNDECLARED_SELECTOR = YES;
				GCC_WARN_UNINITIALIZED_AUTOS = YES_AGGRESSIVE;
				GCC_WARN_UNUSED_FUNCTION = YES;
				GCC_WARN_UNUSED_VARIABLE = YES;
				IPHONEOS_DEPLOYMENT_TARGET = 10.2;
				MTL_ENABLE_DEBUG_INFO = YES;
				ONLY_ACTIVE_ARCH = YES;
				SDKROOT = iphoneos;
				SWIFT_ACTIVE_COMPILATION_CONDITIONS = DEBUG;
				SWIFT_OPTIMIZATION_LEVEL = "-Onone";
			};
			name = Debug;
		};
		6B6E27111E288F8200F9CF66 /* Release */ = {
			isa = XCBuildConfiguration;
			buildSettings = {
				ALWAYS_SEARCH_USER_PATHS = NO;
				CLANG_ANALYZER_NONNULL = YES;
				CLANG_CXX_LANGUAGE_STANDARD = "gnu++0x";
				CLANG_CXX_LIBRARY = "libc++";
				CLANG_ENABLE_MODULES = YES;
				CLANG_ENABLE_OBJC_ARC = YES;
				CLANG_WARN_BOOL_CONVERSION = YES;
				CLANG_WARN_CONSTANT_CONVERSION = YES;
				CLANG_WARN_DIRECT_OBJC_ISA_USAGE = YES_ERROR;
				CLANG_WARN_DOCUMENTATION_COMMENTS = YES;
				CLANG_WARN_EMPTY_BODY = YES;
				CLANG_WARN_ENUM_CONVERSION = YES;
				CLANG_WARN_INFINITE_RECURSION = YES;
				CLANG_WARN_INT_CONVERSION = YES;
				CLANG_WARN_OBJC_ROOT_CLASS = YES_ERROR;
				CLANG_WARN_SUSPICIOUS_MOVE = YES;
				CLANG_WARN_UNREACHABLE_CODE = YES;
				CLANG_WARN__DUPLICATE_METHOD_MATCH = YES;
				"CODE_SIGN_IDENTITY[sdk=iphoneos*]" = "iPhone Developer";
				COPY_PHASE_STRIP = NO;
				DEBUG_INFORMATION_FORMAT = "dwarf-with-dsym";
				ENABLE_NS_ASSERTIONS = NO;
				ENABLE_STRICT_OBJC_MSGSEND = YES;
				FRAMEWORK_SEARCH_PATHS = "";
				GCC_C_LANGUAGE_STANDARD = gnu99;
				GCC_NO_COMMON_BLOCKS = YES;
				GCC_WARN_64_TO_32_BIT_CONVERSION = YES;
				GCC_WARN_ABOUT_RETURN_TYPE = YES_ERROR;
				GCC_WARN_UNDECLARED_SELECTOR = YES;
				GCC_WARN_UNINITIALIZED_AUTOS = YES_AGGRESSIVE;
				GCC_WARN_UNUSED_FUNCTION = YES;
				GCC_WARN_UNUSED_VARIABLE = YES;
				IPHONEOS_DEPLOYMENT_TARGET = 10.2;
				MTL_ENABLE_DEBUG_INFO = NO;
				SDKROOT = iphoneos;
				SWIFT_OPTIMIZATION_LEVEL = "-Owholemodule";
				VALIDATE_PRODUCT = YES;
			};
			name = Release;
		};
		6B6E27131E288F8200F9CF66 /* Debug */ = {
			isa = XCBuildConfiguration;
			baseConfigurationReference = B48B0377F0C8F35F8EAD5DDB /* Pods-allegro.debug.xcconfig */;
			buildSettings = {
				ASSETCATALOG_COMPILER_APPICON_NAME = AppIcon;
				"CODE_SIGN_IDENTITY[sdk=iphoneos*]" = "iPhone Developer";
				CURRENT_PROJECT_VERSION = 3;
				DEVELOPMENT_TEAM = 976H852GCK;
				FRAMEWORK_SEARCH_PATHS = (
					"$(inherited)",
					"$(SRCROOT)/Carthage/Build/iOS",
					"$(PROJECT_DIR)/Carthage/Build/iOS",
				);
				INFOPLIST_FILE = allegro/Info.plist;
				IPHONEOS_DEPLOYMENT_TARGET = 9.0;
				LD_RUNPATH_SEARCH_PATHS = "$(inherited) @executable_path/Frameworks";
				PRODUCT_BUNDLE_IDENTIFIER = gu.allegro;
				PRODUCT_NAME = "$(TARGET_NAME)";
				PROVISIONING_PROFILE = "b202fcc0-871e-4157-b1d6-f75c18801aa5";
				PROVISIONING_PROFILE_SPECIFIER = "match Development gu.allegro";
				SWIFT_VERSION = 3.0;
			};
			name = Debug;
		};
		6B6E27141E288F8200F9CF66 /* Release */ = {
			isa = XCBuildConfiguration;
			baseConfigurationReference = 3CB49C9AC2B9AA905E6A3B0A /* Pods-allegro.release.xcconfig */;
			buildSettings = {
				ASSETCATALOG_COMPILER_APPICON_NAME = AppIcon;
				"CODE_SIGN_IDENTITY[sdk=iphoneos*]" = "iPhone Distribution";
				CURRENT_PROJECT_VERSION = 3;
				DEVELOPMENT_TEAM = 976H852GCK;
				FRAMEWORK_SEARCH_PATHS = (
					"$(inherited)",
					"$(SRCROOT)/Carthage/Build/iOS",
					"$(PROJECT_DIR)/Carthage/Build/iOS",
				);
				INFOPLIST_FILE = allegro/Info.plist;
				IPHONEOS_DEPLOYMENT_TARGET = 9.0;
				LD_RUNPATH_SEARCH_PATHS = "$(inherited) @executable_path/Frameworks";
				PRODUCT_BUNDLE_IDENTIFIER = gu.allegro;
				PRODUCT_NAME = "$(TARGET_NAME)";
				PROVISIONING_PROFILE = "06798490-b451-4e54-9dff-eed34d1940f4";
				PROVISIONING_PROFILE_SPECIFIER = "match AppStore gu.allegro";
				SWIFT_VERSION = 3.0;
			};
			name = Release;
		};
		6B6E27161E288F8200F9CF66 /* Debug */ = {
			isa = XCBuildConfiguration;
			baseConfigurationReference = DACD8BC72E26DC8A51C2E082 /* Pods-allegroTests.debug.xcconfig */;
			buildSettings = {
				ALWAYS_EMBED_SWIFT_STANDARD_LIBRARIES = YES;
				BUNDLE_LOADER = "$(TEST_HOST)";
				DEVELOPMENT_TEAM = 976H852GCK;
				FRAMEWORK_SEARCH_PATHS = (
					"$(inherited)",
					"$(PROJECT_DIR)/Carthage/Build/iOS",
				);
				INFOPLIST_FILE = allegroTests/Info.plist;
				LD_RUNPATH_SEARCH_PATHS = "$(inherited) @executable_path/Frameworks @loader_path/Frameworks";
				PRODUCT_BUNDLE_IDENTIFIER = gu.allegroTests;
				PRODUCT_NAME = "$(TARGET_NAME)";
				SWIFT_VERSION = 3.0;
				TEST_HOST = "$(BUILT_PRODUCTS_DIR)/allegro.app/allegro";
			};
			name = Debug;
		};
		6B6E27171E288F8200F9CF66 /* Release */ = {
			isa = XCBuildConfiguration;
			baseConfigurationReference = 9EA11674E74CCF5EDB06D551 /* Pods-allegroTests.release.xcconfig */;
			buildSettings = {
				ALWAYS_EMBED_SWIFT_STANDARD_LIBRARIES = YES;
				BUNDLE_LOADER = "$(TEST_HOST)";
				DEVELOPMENT_TEAM = 976H852GCK;
				FRAMEWORK_SEARCH_PATHS = (
					"$(inherited)",
					"$(PROJECT_DIR)/Carthage/Build/iOS",
				);
				INFOPLIST_FILE = allegroTests/Info.plist;
				LD_RUNPATH_SEARCH_PATHS = "$(inherited) @executable_path/Frameworks @loader_path/Frameworks";
				PRODUCT_BUNDLE_IDENTIFIER = gu.allegroTests;
				PRODUCT_NAME = "$(TARGET_NAME)";
				SWIFT_VERSION = 3.0;
				TEST_HOST = "$(BUILT_PRODUCTS_DIR)/allegro.app/allegro";
			};
			name = Release;
		};
		6B6E27191E288F8200F9CF66 /* Debug */ = {
			isa = XCBuildConfiguration;
			baseConfigurationReference = BEA53266E630B8937E68457C /* Pods-allegroUITests.debug.xcconfig */;
			buildSettings = {
				ALWAYS_EMBED_SWIFT_STANDARD_LIBRARIES = YES;
				DEVELOPMENT_TEAM = 976H852GCK;
				FRAMEWORK_SEARCH_PATHS = "$(inherited)";
				INFOPLIST_FILE = allegroUITests/Info.plist;
				LD_RUNPATH_SEARCH_PATHS = "$(inherited) @executable_path/Frameworks @loader_path/Frameworks";
				PRODUCT_BUNDLE_IDENTIFIER = gu.allegroUITests;
				PRODUCT_NAME = "$(TARGET_NAME)";
				SWIFT_VERSION = 3.0;
				TEST_TARGET_NAME = allegro;
			};
			name = Debug;
		};
		6B6E271A1E288F8200F9CF66 /* Release */ = {
			isa = XCBuildConfiguration;
			baseConfigurationReference = 29F82434DECE1C4DB0338477 /* Pods-allegroUITests.release.xcconfig */;
			buildSettings = {
				ALWAYS_EMBED_SWIFT_STANDARD_LIBRARIES = YES;
				DEVELOPMENT_TEAM = 976H852GCK;
				FRAMEWORK_SEARCH_PATHS = "$(inherited)";
				INFOPLIST_FILE = allegroUITests/Info.plist;
				LD_RUNPATH_SEARCH_PATHS = "$(inherited) @executable_path/Frameworks @loader_path/Frameworks";
				PRODUCT_BUNDLE_IDENTIFIER = gu.allegroUITests;
				PRODUCT_NAME = "$(TARGET_NAME)";
				SWIFT_VERSION = 3.0;
				TEST_TARGET_NAME = allegro;
			};
			name = Release;
		};
/* End XCBuildConfiguration section */

/* Begin XCConfigurationList section */
		6B6E26E51E288F8200F9CF66 /* Build configuration list for PBXProject "allegro" */ = {
			isa = XCConfigurationList;
			buildConfigurations = (
				6B6E27101E288F8200F9CF66 /* Debug */,
				6B6E27111E288F8200F9CF66 /* Release */,
			);
			defaultConfigurationIsVisible = 0;
			defaultConfigurationName = Release;
		};
		6B6E27121E288F8200F9CF66 /* Build configuration list for PBXNativeTarget "allegro" */ = {
			isa = XCConfigurationList;
			buildConfigurations = (
				6B6E27131E288F8200F9CF66 /* Debug */,
				6B6E27141E288F8200F9CF66 /* Release */,
			);
			defaultConfigurationIsVisible = 0;
			defaultConfigurationName = Release;
		};
		6B6E27151E288F8200F9CF66 /* Build configuration list for PBXNativeTarget "allegroTests" */ = {
			isa = XCConfigurationList;
			buildConfigurations = (
				6B6E27161E288F8200F9CF66 /* Debug */,
				6B6E27171E288F8200F9CF66 /* Release */,
			);
			defaultConfigurationIsVisible = 0;
			defaultConfigurationName = Release;
		};
		6B6E27181E288F8200F9CF66 /* Build configuration list for PBXNativeTarget "allegroUITests" */ = {
			isa = XCConfigurationList;
			buildConfigurations = (
				6B6E27191E288F8200F9CF66 /* Debug */,
				6B6E271A1E288F8200F9CF66 /* Release */,
			);
			defaultConfigurationIsVisible = 0;
			defaultConfigurationName = Release;
		};
/* End XCConfigurationList section */
	};
	rootObject = 6B6E26E21E288F8200F9CF66 /* Project object */;
}
