// !$*UTF8*$!
{
	archiveVersion = 1;
	classes = {
	};
	objectVersion = 46;
	objects = {

/* Begin PBXBuildFile section */
		32B8678A1E2D79F80029F946 /* MeasureView.swift in Sources */ = {isa = PBXBuildFile; fileRef = 32B867891E2D79F80029F946 /* MeasureView.swift */; };
		647E7D6823A9CE544AF81ACD /* Pods_allegroUITests.framework in Frameworks */ = {isa = PBXBuildFile; fileRef = 39A4678C79D645D3D0474C30 /* Pods_allegroUITests.framework */; };
		6B6774A31E2D7FC600399BDC /* Note.swift in Sources */ = {isa = PBXBuildFile; fileRef = 6B6774A21E2D7FC600399BDC /* Note.swift */; };
		6B6774A51E2D7FD600399BDC /* Measure.swift in Sources */ = {isa = PBXBuildFile; fileRef = 6B6774A41E2D7FD600399BDC /* Measure.swift */; };
		6B6774A71E2D7FE600399BDC /* Part.swift in Sources */ = {isa = PBXBuildFile; fileRef = 6B6774A61E2D7FE600399BDC /* Part.swift */; };
		6B6774A91E2D7FEF00399BDC /* Tie.swift in Sources */ = {isa = PBXBuildFile; fileRef = 6B6774A81E2D7FEF00399BDC /* Tie.swift */; };
		6B6774AB1E2D7FF700399BDC /* Triplet.swift in Sources */ = {isa = PBXBuildFile; fileRef = 6B6774AA1E2D7FF700399BDC /* Triplet.swift */; };
		6B6E26EE1E288F8200F9CF66 /* AppDelegate.swift in Sources */ = {isa = PBXBuildFile; fileRef = 6B6E26ED1E288F8200F9CF66 /* AppDelegate.swift */; };
		6B6E26F51E288F8200F9CF66 /* Assets.xcassets in Resources */ = {isa = PBXBuildFile; fileRef = 6B6E26F41E288F8200F9CF66 /* Assets.xcassets */; };
		6B6E26F81E288F8200F9CF66 /* LaunchScreen.storyboard in Resources */ = {isa = PBXBuildFile; fileRef = 6B6E26F61E288F8200F9CF66 /* LaunchScreen.storyboard */; };
		6B6E27031E288F8200F9CF66 /* allegroTests.swift in Sources */ = {isa = PBXBuildFile; fileRef = 6B6E27021E288F8200F9CF66 /* allegroTests.swift */; };
		6B6E270E1E288F8200F9CF66 /* allegroUITests.swift in Sources */ = {isa = PBXBuildFile; fileRef = 6B6E270D1E288F8200F9CF66 /* allegroUITests.swift */; };
		6B6E271D1E28979100F9CF66 /* CleanroomLogger.framework in Frameworks */ = {isa = PBXBuildFile; fileRef = 6B6E271C1E28979100F9CF66 /* CleanroomLogger.framework */; };
		6B6E27201E28985F00F9CF66 /* Utils.swift in Sources */ = {isa = PBXBuildFile; fileRef = 6B6E271F1E28985F00F9CF66 /* Utils.swift */; };
		6B6E27221E289D4600F9CF66 /* HomeMenuViewController.swift in Sources */ = {isa = PBXBuildFile; fileRef = 6B6E27211E289D4600F9CF66 /* HomeMenuViewController.swift */; };
		6B6E27241E289DE000F9CF66 /* RootNavigationViewController.swift in Sources */ = {isa = PBXBuildFile; fileRef = 6B6E27231E289DE000F9CF66 /* RootNavigationViewController.swift */; };
		6B6E27271E28B05100F9CF66 /* CompositionViewController.swift in Sources */ = {isa = PBXBuildFile; fileRef = 6B6E27261E28B05100F9CF66 /* CompositionViewController.swift */; };
		6B6E27291E28B17F00F9CF66 /* DBPathRecognizer.swift in Sources */ = {isa = PBXBuildFile; fileRef = 6B6E27281E28B17F00F9CF66 /* DBPathRecognizer.swift */; };
		6B6E272B1E28B77900F9CF66 /* ActionGestureRecognizer.swift in Sources */ = {isa = PBXBuildFile; fileRef = 6B6E272A1E28B77900F9CF66 /* ActionGestureRecognizer.swift */; };
		6B6E272D1E28C4E300F9CF66 /* SwiftTweaks.framework in Frameworks */ = {isa = PBXBuildFile; fileRef = 6B6E272C1E28C4E300F9CF66 /* SwiftTweaks.framework */; };
		89A94F7BCE6590EED84BE2E2 /* Pods_allegro.framework in Frameworks */ = {isa = PBXBuildFile; fileRef = 2A2AB4D1F4E9BE124F4C6E9D /* Pods_allegro.framework */; };
		A38CFF6CB5898986752C58AB /* Pods_allegroTests.framework in Frameworks */ = {isa = PBXBuildFile; fileRef = A041ACB4829148BD2BFA2916 /* Pods_allegroTests.framework */; };
/* End PBXBuildFile section */

/* Begin PBXContainerItemProxy section */
		6B6E26FF1E288F8200F9CF66 /* PBXContainerItemProxy */ = {
			isa = PBXContainerItemProxy;
			containerPortal = 6B6E26E21E288F8200F9CF66 /* Project object */;
			proxyType = 1;
			remoteGlobalIDString = 6B6E26E91E288F8200F9CF66;
			remoteInfo = allegro;
		};
		6B6E270A1E288F8200F9CF66 /* PBXContainerItemProxy */ = {
			isa = PBXContainerItemProxy;
			containerPortal = 6B6E26E21E288F8200F9CF66 /* Project object */;
			proxyType = 1;
			remoteGlobalIDString = 6B6E26E91E288F8200F9CF66;
			remoteInfo = allegro;
		};
/* End PBXContainerItemProxy section */

/* Begin PBXFileReference section */
		29F82434DECE1C4DB0338477 /* Pods-allegroUITests.release.xcconfig */ = {isa = PBXFileReference; includeInIndex = 1; lastKnownFileType = text.xcconfig; name = "Pods-allegroUITests.release.xcconfig"; path = "Pods/Target Support Files/Pods-allegroUITests/Pods-allegroUITests.release.xcconfig"; sourceTree = "<group>"; };
		2A2AB4D1F4E9BE124F4C6E9D /* Pods_allegro.framework */ = {isa = PBXFileReference; explicitFileType = wrapper.framework; includeInIndex = 0; path = Pods_allegro.framework; sourceTree = BUILT_PRODUCTS_DIR; };
		32B867891E2D79F80029F946 /* MeasureView.swift */ = {isa = PBXFileReference; fileEncoding = 4; lastKnownFileType = sourcecode.swift; path = MeasureView.swift; sourceTree = "<group>"; };
		39A4678C79D645D3D0474C30 /* Pods_allegroUITests.framework */ = {isa = PBXFileReference; explicitFileType = wrapper.framework; includeInIndex = 0; path = Pods_allegroUITests.framework; sourceTree = BUILT_PRODUCTS_DIR; };
		3CB49C9AC2B9AA905E6A3B0A /* Pods-allegro.release.xcconfig */ = {isa = PBXFileReference; includeInIndex = 1; lastKnownFileType = text.xcconfig; name = "Pods-allegro.release.xcconfig"; path = "Pods/Target Support Files/Pods-allegro/Pods-allegro.release.xcconfig"; sourceTree = "<group>"; };
		6B6774A21E2D7FC600399BDC /* Note.swift */ = {isa = PBXFileReference; fileEncoding = 4; lastKnownFileType = sourcecode.swift; path = Note.swift; sourceTree = "<group>"; };
		6B6774A41E2D7FD600399BDC /* Measure.swift */ = {isa = PBXFileReference; fileEncoding = 4; lastKnownFileType = sourcecode.swift; path = Measure.swift; sourceTree = "<group>"; };
		6B6774A61E2D7FE600399BDC /* Part.swift */ = {isa = PBXFileReference; fileEncoding = 4; lastKnownFileType = sourcecode.swift; path = Part.swift; sourceTree = "<group>"; };
		6B6774A81E2D7FEF00399BDC /* Tie.swift */ = {isa = PBXFileReference; fileEncoding = 4; lastKnownFileType = sourcecode.swift; path = Tie.swift; sourceTree = "<group>"; };
		6B6774AA1E2D7FF700399BDC /* Triplet.swift */ = {isa = PBXFileReference; fileEncoding = 4; lastKnownFileType = sourcecode.swift; path = Triplet.swift; sourceTree = "<group>"; };
		6B6E26EA1E288F8200F9CF66 /* allegro.app */ = {isa = PBXFileReference; explicitFileType = wrapper.application; includeInIndex = 0; path = allegro.app; sourceTree = BUILT_PRODUCTS_DIR; };
		6B6E26ED1E288F8200F9CF66 /* AppDelegate.swift */ = {isa = PBXFileReference; lastKnownFileType = sourcecode.swift; path = AppDelegate.swift; sourceTree = "<group>"; };
		6B6E26F41E288F8200F9CF66 /* Assets.xcassets */ = {isa = PBXFileReference; lastKnownFileType = folder.assetcatalog; path = Assets.xcassets; sourceTree = "<group>"; };
		6B6E26F71E288F8200F9CF66 /* Base */ = {isa = PBXFileReference; lastKnownFileType = file.storyboard; name = Base; path = Base.lproj/LaunchScreen.storyboard; sourceTree = "<group>"; };
		6B6E26F91E288F8200F9CF66 /* Info.plist */ = {isa = PBXFileReference; lastKnownFileType = text.plist.xml; path = Info.plist; sourceTree = "<group>"; };
		6B6E26FE1E288F8200F9CF66 /* allegroTests.xctest */ = {isa = PBXFileReference; explicitFileType = wrapper.cfbundle; includeInIndex = 0; path = allegroTests.xctest; sourceTree = BUILT_PRODUCTS_DIR; };
		6B6E27021E288F8200F9CF66 /* allegroTests.swift */ = {isa = PBXFileReference; lastKnownFileType = sourcecode.swift; path = allegroTests.swift; sourceTree = "<group>"; };
		6B6E27041E288F8200F9CF66 /* Info.plist */ = {isa = PBXFileReference; lastKnownFileType = text.plist.xml; path = Info.plist; sourceTree = "<group>"; };
		6B6E27091E288F8200F9CF66 /* allegroUITests.xctest */ = {isa = PBXFileReference; explicitFileType = wrapper.cfbundle; includeInIndex = 0; path = allegroUITests.xctest; sourceTree = BUILT_PRODUCTS_DIR; };
		6B6E270D1E288F8200F9CF66 /* allegroUITests.swift */ = {isa = PBXFileReference; lastKnownFileType = sourcecode.swift; path = allegroUITests.swift; sourceTree = "<group>"; };
		6B6E270F1E288F8200F9CF66 /* Info.plist */ = {isa = PBXFileReference; lastKnownFileType = text.plist.xml; path = Info.plist; sourceTree = "<group>"; };
		6B6E271C1E28979100F9CF66 /* CleanroomLogger.framework */ = {isa = PBXFileReference; lastKnownFileType = wrapper.framework; name = CleanroomLogger.framework; path = Carthage/Build/iOS/CleanroomLogger.framework; sourceTree = SOURCE_ROOT; };
		6B6E271F1E28985F00F9CF66 /* Utils.swift */ = {isa = PBXFileReference; fileEncoding = 4; lastKnownFileType = sourcecode.swift; path = Utils.swift; sourceTree = "<group>"; };
		6B6E27211E289D4600F9CF66 /* HomeMenuViewController.swift */ = {isa = PBXFileReference; fileEncoding = 4; lastKnownFileType = sourcecode.swift; path = HomeMenuViewController.swift; sourceTree = "<group>"; };
		6B6E27231E289DE000F9CF66 /* RootNavigationViewController.swift */ = {isa = PBXFileReference; fileEncoding = 4; lastKnownFileType = sourcecode.swift; path = RootNavigationViewController.swift; sourceTree = "<group>"; };
		6B6E27261E28B05100F9CF66 /* CompositionViewController.swift */ = {isa = PBXFileReference; fileEncoding = 4; lastKnownFileType = sourcecode.swift; path = CompositionViewController.swift; sourceTree = "<group>"; };
		6B6E27281E28B17F00F9CF66 /* DBPathRecognizer.swift */ = {isa = PBXFileReference; fileEncoding = 4; lastKnownFileType = sourcecode.swift; name = DBPathRecognizer.swift; path = vendor/DBPathRecognizer.swift; sourceTree = SOURCE_ROOT; };
		6B6E272A1E28B77900F9CF66 /* ActionGestureRecognizer.swift */ = {isa = PBXFileReference; fileEncoding = 4; lastKnownFileType = sourcecode.swift; path = ActionGestureRecognizer.swift; sourceTree = "<group>"; };
		6B6E272C1E28C4E300F9CF66 /* SwiftTweaks.framework */ = {isa = PBXFileReference; lastKnownFileType = wrapper.framework; name = SwiftTweaks.framework; path = Carthage/Build/iOS/SwiftTweaks.framework; sourceTree = SOURCE_ROOT; };
		9EA11674E74CCF5EDB06D551 /* Pods-allegroTests.release.xcconfig */ = {isa = PBXFileReference; includeInIndex = 1; lastKnownFileType = text.xcconfig; name = "Pods-allegroTests.release.xcconfig"; path = "Pods/Target Support Files/Pods-allegroTests/Pods-allegroTests.release.xcconfig"; sourceTree = "<group>"; };
		A041ACB4829148BD2BFA2916 /* Pods_allegroTests.framework */ = {isa = PBXFileReference; explicitFileType = wrapper.framework; includeInIndex = 0; path = Pods_allegroTests.framework; sourceTree = BUILT_PRODUCTS_DIR; };
		B48B0377F0C8F35F8EAD5DDB /* Pods-allegro.debug.xcconfig */ = {isa = PBXFileReference; includeInIndex = 1; lastKnownFileType = text.xcconfig; name = "Pods-allegro.debug.xcconfig"; path = "Pods/Target Support Files/Pods-allegro/Pods-allegro.debug.xcconfig"; sourceTree = "<group>"; };
		BEA53266E630B8937E68457C /* Pods-allegroUITests.debug.xcconfig */ = {isa = PBXFileReference; includeInIndex = 1; lastKnownFileType = text.xcconfig; name = "Pods-allegroUITests.debug.xcconfig"; path = "Pods/Target Support Files/Pods-allegroUITests/Pods-allegroUITests.debug.xcconfig"; sourceTree = "<group>"; };
		DACD8BC72E26DC8A51C2E082 /* Pods-allegroTests.debug.xcconfig */ = {isa = PBXFileReference; includeInIndex = 1; lastKnownFileType = text.xcconfig; name = "Pods-allegroTests.debug.xcconfig"; path = "Pods/Target Support Files/Pods-allegroTests/Pods-allegroTests.debug.xcconfig"; sourceTree = "<group>"; };
/* End PBXFileReference section */

/* Begin PBXFrameworksBuildPhase section */
		6B6E26E71E288F8200F9CF66 /* Frameworks */ = {
			isa = PBXFrameworksBuildPhase;
			buildActionMask = 2147483647;
			files = (
				89A94F7BCE6590EED84BE2E2 /* Pods_allegro.framework in Frameworks */,
				6B6E271D1E28979100F9CF66 /* CleanroomLogger.framework in Frameworks */,
				6B6E272D1E28C4E300F9CF66 /* SwiftTweaks.framework in Frameworks */,
			);
			runOnlyForDeploymentPostprocessing = 0;
		};
		6B6E26FB1E288F8200F9CF66 /* Frameworks */ = {
			isa = PBXFrameworksBuildPhase;
			buildActionMask = 2147483647;
			files = (
				A38CFF6CB5898986752C58AB /* Pods_allegroTests.framework in Frameworks */,
			);
			runOnlyForDeploymentPostprocessing = 0;
		};
		6B6E27061E288F8200F9CF66 /* Frameworks */ = {
			isa = PBXFrameworksBuildPhase;
			buildActionMask = 2147483647;
			files = (
				647E7D6823A9CE544AF81ACD /* Pods_allegroUITests.framework in Frameworks */,
			);
			runOnlyForDeploymentPostprocessing = 0;
		};
/* End PBXFrameworksBuildPhase section */

/* Begin PBXGroup section */
		1D8432D915E5A647654C0B36 /* Pods */ = {
			isa = PBXGroup;
			children = (
				B48B0377F0C8F35F8EAD5DDB /* Pods-allegro.debug.xcconfig */,
				3CB49C9AC2B9AA905E6A3B0A /* Pods-allegro.release.xcconfig */,
				DACD8BC72E26DC8A51C2E082 /* Pods-allegroTests.debug.xcconfig */,
				9EA11674E74CCF5EDB06D551 /* Pods-allegroTests.release.xcconfig */,
				BEA53266E630B8937E68457C /* Pods-allegroUITests.debug.xcconfig */,
				29F82434DECE1C4DB0338477 /* Pods-allegroUITests.release.xcconfig */,
			);
			name = Pods;
			sourceTree = "<group>";
		};
		32B867881E2D79EB0029F946 /* Measure */ = {
			isa = PBXGroup;
			children = (
				32B867891E2D79F80029F946 /* MeasureView.swift */,
			);
			name = Measure;
			sourceTree = "<group>";
		};
		3EEFE93C8BB82DBAAA4FCB9E /* Frameworks */ = {
			isa = PBXGroup;
			children = (
				2A2AB4D1F4E9BE124F4C6E9D /* Pods_allegro.framework */,
				A041ACB4829148BD2BFA2916 /* Pods_allegroTests.framework */,
				39A4678C79D645D3D0474C30 /* Pods_allegroUITests.framework */,
			);
			name = Frameworks;
			sourceTree = "<group>";
		};
		6B6774A01E2D7FAA00399BDC /* Models */ = {
			isa = PBXGroup;
			children = (
				6B6774A41E2D7FD600399BDC /* Measure.swift */,
				6B6774A21E2D7FC600399BDC /* Note.swift */,
				6B6774A61E2D7FE600399BDC /* Part.swift */,
				6B6774A81E2D7FEF00399BDC /* Tie.swift */,
				6B6774AA1E2D7FF700399BDC /* Triplet.swift */,
			);
			name = Models;
			sourceTree = "<group>";
		};
		6B6774A11E2D7FAE00399BDC /* Views */ = {
			isa = PBXGroup;
			children = (
			);
			name = Views;
			sourceTree = "<group>";
		};
		6B6E26E11E288F8200F9CF66 = {
			isa = PBXGroup;
			children = (
				6B6E26EC1E288F8200F9CF66 /* allegro */,
				6B6E27011E288F8200F9CF66 /* allegroTests */,
				6B6E270C1E288F8200F9CF66 /* allegroUITests */,
				6B6E26EB1E288F8200F9CF66 /* Products */,
				1D8432D915E5A647654C0B36 /* Pods */,
				3EEFE93C8BB82DBAAA4FCB9E /* Frameworks */,
			);
			sourceTree = "<group>";
		};
		6B6E26EB1E288F8200F9CF66 /* Products */ = {
			isa = PBXGroup;
			children = (
				6B6E26EA1E288F8200F9CF66 /* allegro.app */,
				6B6E26FE1E288F8200F9CF66 /* allegroTests.xctest */,
				6B6E27091E288F8200F9CF66 /* allegroUITests.xctest */,
			);
			name = Products;
			sourceTree = "<group>";
		};
		6B6E26EC1E288F8200F9CF66 /* allegro */ = {
			isa = PBXGroup;
			children = (
				32B867881E2D79EB0029F946 /* Measure */,
				6B6E271B1E28978100F9CF66 /* Frameworks */,
				6B6774A01E2D7FAA00399BDC /* Models */,
				6B6774A11E2D7FAE00399BDC /* Views */,
				6B6E27251E289F5000F9CF66 /* Controllers */,
				6B6E272A1E28B77900F9CF66 /* ActionGestureRecognizer.swift */,
				6B6E26ED1E288F8200F9CF66 /* AppDelegate.swift */,
				6B6E271F1E28985F00F9CF66 /* Utils.swift */,
				6B6E26F41E288F8200F9CF66 /* Assets.xcassets */,
				6B6E26F61E288F8200F9CF66 /* LaunchScreen.storyboard */,
				6B6E26F91E288F8200F9CF66 /* Info.plist */,
			);
			path = allegro;
			sourceTree = "<group>";
		};
		6B6E27011E288F8200F9CF66 /* allegroTests */ = {
			isa = PBXGroup;
			children = (
				6B6E27021E288F8200F9CF66 /* allegroTests.swift */,
				6B6E27041E288F8200F9CF66 /* Info.plist */,
			);
			path = allegroTests;
			sourceTree = "<group>";
		};
		6B6E270C1E288F8200F9CF66 /* allegroUITests */ = {
			isa = PBXGroup;
			children = (
				6B6E270D1E288F8200F9CF66 /* allegroUITests.swift */,
				6B6E270F1E288F8200F9CF66 /* Info.plist */,
			);
			path = allegroUITests;
			sourceTree = "<group>";
		};
		6B6E271B1E28978100F9CF66 /* Frameworks */ = {
			isa = PBXGroup;
			children = (
				6B6E271C1E28979100F9CF66 /* CleanroomLogger.framework */,
				6B6E272C1E28C4E300F9CF66 /* SwiftTweaks.framework */,
				6B6E27281E28B17F00F9CF66 /* DBPathRecognizer.swift */,
			);
			name = Frameworks;
			sourceTree = "<group>";
		};
		6B6E27251E289F5000F9CF66 /* Controllers */ = {
			isa = PBXGroup;
			children = (
				6B6E27261E28B05100F9CF66 /* CompositionViewController.swift */,
				6B6E27211E289D4600F9CF66 /* HomeMenuViewController.swift */,
				6B6E27231E289DE000F9CF66 /* RootNavigationViewController.swift */,
			);
			name = Controllers;
			sourceTree = "<group>";
		};
/* End PBXGroup section */

/* Begin PBXNativeTarget section */
		6B6E26E91E288F8200F9CF66 /* allegro */ = {
			isa = PBXNativeTarget;
			buildConfigurationList = 6B6E27121E288F8200F9CF66 /* Build configuration list for PBXNativeTarget "allegro" */;
			buildPhases = (
				1272D0D6E164FF51C9566104 /* [CP] Check Pods Manifest.lock */,
				6B6E26E61E288F8200F9CF66 /* Sources */,
				6B6E26E71E288F8200F9CF66 /* Frameworks */,
				6B6E26E81E288F8200F9CF66 /* Resources */,
				84B0A79678CCABA9C190EA01 /* [CP] Embed Pods Frameworks */,
				DA42C8FAD02770EFCC9A5FF6 /* [CP] Copy Pods Resources */,
				6B6E271E1E2897A400F9CF66 /* ShellScript */,
			);
			buildRules = (
			);
			dependencies = (
			);
			name = allegro;
			productName = allegro;
			productReference = 6B6E26EA1E288F8200F9CF66 /* allegro.app */;
			productType = "com.apple.product-type.application";
		};
		6B6E26FD1E288F8200F9CF66 /* allegroTests */ = {
			isa = PBXNativeTarget;
			buildConfigurationList = 6B6E27151E288F8200F9CF66 /* Build configuration list for PBXNativeTarget "allegroTests" */;
			buildPhases = (
				8328071F08C6972560FF5516 /* [CP] Check Pods Manifest.lock */,
				6B6E26FA1E288F8200F9CF66 /* Sources */,
				6B6E26FB1E288F8200F9CF66 /* Frameworks */,
				6B6E26FC1E288F8200F9CF66 /* Resources */,
				E2C2EA73734A957A318784FC /* [CP] Embed Pods Frameworks */,
				DC731A5C64E62C72909554E1 /* [CP] Copy Pods Resources */,
			);
			buildRules = (
			);
			dependencies = (
				6B6E27001E288F8200F9CF66 /* PBXTargetDependency */,
			);
			name = allegroTests;
			productName = allegroTests;
			productReference = 6B6E26FE1E288F8200F9CF66 /* allegroTests.xctest */;
			productType = "com.apple.product-type.bundle.unit-test";
		};
		6B6E27081E288F8200F9CF66 /* allegroUITests */ = {
			isa = PBXNativeTarget;
			buildConfigurationList = 6B6E27181E288F8200F9CF66 /* Build configuration list for PBXNativeTarget "allegroUITests" */;
			buildPhases = (
				E00924FEA3884076A30D4DBC /* [CP] Check Pods Manifest.lock */,
				6B6E27051E288F8200F9CF66 /* Sources */,
				6B6E27061E288F8200F9CF66 /* Frameworks */,
				6B6E27071E288F8200F9CF66 /* Resources */,
				E06EB8309099F1BE49B38723 /* [CP] Embed Pods Frameworks */,
				96118104A06B1C2C0DE0687B /* [CP] Copy Pods Resources */,
			);
			buildRules = (
			);
			dependencies = (
				6B6E270B1E288F8200F9CF66 /* PBXTargetDependency */,
			);
			name = allegroUITests;
			productName = allegroUITests;
			productReference = 6B6E27091E288F8200F9CF66 /* allegroUITests.xctest */;
			productType = "com.apple.product-type.bundle.ui-testing";
		};
/* End PBXNativeTarget section */

/* Begin PBXProject section */
		6B6E26E21E288F8200F9CF66 /* Project object */ = {
			isa = PBXProject;
			attributes = {
				LastSwiftUpdateCheck = 0820;
				LastUpgradeCheck = 0820;
				ORGANIZATIONNAME = gigaunicorn;
				TargetAttributes = {
					6B6E26E91E288F8200F9CF66 = {
						CreatedOnToolsVersion = 8.2.1;
						DevelopmentTeam = 976H852GCK;
						ProvisioningStyle = Manual;
					};
					6B6E26FD1E288F8200F9CF66 = {
						CreatedOnToolsVersion = 8.2.1;
						DevelopmentTeam = 976H852GCK;
						ProvisioningStyle = Automatic;
						TestTargetID = 6B6E26E91E288F8200F9CF66;
					};
					6B6E27081E288F8200F9CF66 = {
						CreatedOnToolsVersion = 8.2.1;
						DevelopmentTeam = 976H852GCK;
						ProvisioningStyle = Automatic;
						TestTargetID = 6B6E26E91E288F8200F9CF66;
					};
				};
			};
			buildConfigurationList = 6B6E26E51E288F8200F9CF66 /* Build configuration list for PBXProject "allegro" */;
			compatibilityVersion = "Xcode 3.2";
			developmentRegion = English;
			hasScannedForEncodings = 0;
			knownRegions = (
				en,
				Base,
			);
			mainGroup = 6B6E26E11E288F8200F9CF66;
			productRefGroup = 6B6E26EB1E288F8200F9CF66 /* Products */;
			projectDirPath = "";
			projectRoot = "";
			targets = (
				6B6E26E91E288F8200F9CF66 /* allegro */,
				6B6E26FD1E288F8200F9CF66 /* allegroTests */,
				6B6E27081E288F8200F9CF66 /* allegroUITests */,
			);
		};
/* End PBXProject section */

/* Begin PBXResourcesBuildPhase section */
		6B6E26E81E288F8200F9CF66 /* Resources */ = {
			isa = PBXResourcesBuildPhase;
			buildActionMask = 2147483647;
			files = (
				6B6E26F81E288F8200F9CF66 /* LaunchScreen.storyboard in Resources */,
				6B6E26F51E288F8200F9CF66 /* Assets.xcassets in Resources */,
			);
			runOnlyForDeploymentPostprocessing = 0;
		};
		6B6E26FC1E288F8200F9CF66 /* Resources */ = {
			isa = PBXResourcesBuildPhase;
			buildActionMask = 2147483647;
			files = (
			);
			runOnlyForDeploymentPostprocessing = 0;
		};
		6B6E27071E288F8200F9CF66 /* Resources */ = {
			isa = PBXResourcesBuildPhase;
			buildActionMask = 2147483647;
			files = (
			);
			runOnlyForDeploymentPostprocessing = 0;
		};
/* End PBXResourcesBuildPhase section */

/* Begin PBXShellScriptBuildPhase section */
		1272D0D6E164FF51C9566104 /* [CP] Check Pods Manifest.lock */ = {
			isa = PBXShellScriptBuildPhase;
			buildActionMask = 2147483647;
			files = (
			);
			inputPaths = (
			);
			name = "[CP] Check Pods Manifest.lock";
			outputPaths = (
			);
			runOnlyForDeploymentPostprocessing = 0;
			shellPath = /bin/sh;
			shellScript = "diff \"${PODS_ROOT}/../Podfile.lock\" \"${PODS_ROOT}/Manifest.lock\" > /dev/null\nif [ $? != 0 ] ; then\n    # print error to STDERR\n    echo \"error: The sandbox is not in sync with the Podfile.lock. Run 'pod install' or update your CocoaPods installation.\" >&2\n    exit 1\nfi\n";
			showEnvVarsInLog = 0;
		};
		6B6E271E1E2897A400F9CF66 /* ShellScript */ = {
			isa = PBXShellScriptBuildPhase;
			buildActionMask = 2147483647;
			files = (
			);
			inputPaths = (
				"$(SRCROOT)/Carthage/Build/iOS/CleanroomLogger.framework",
				"$(SRCROOT)/Carthage/Build/iOS/SwiftTweaks.framework",
			);
			outputPaths = (
			);
			runOnlyForDeploymentPostprocessing = 0;
			shellPath = /bin/sh;
			shellScript = "/usr/local/bin/carthage copy-frameworks";
		};
		8328071F08C6972560FF5516 /* [CP] Check Pods Manifest.lock */ = {
			isa = PBXShellScriptBuildPhase;
			buildActionMask = 2147483647;
			files = (
			);
			inputPaths = (
			);
			name = "[CP] Check Pods Manifest.lock";
			outputPaths = (
			);
			runOnlyForDeploymentPostprocessing = 0;
			shellPath = /bin/sh;
			shellScript = "diff \"${PODS_ROOT}/../Podfile.lock\" \"${PODS_ROOT}/Manifest.lock\" > /dev/null\nif [ $? != 0 ] ; then\n    # print error to STDERR\n    echo \"error: The sandbox is not in sync with the Podfile.lock. Run 'pod install' or update your CocoaPods installation.\" >&2\n    exit 1\nfi\n";
			showEnvVarsInLog = 0;
		};
		84B0A79678CCABA9C190EA01 /* [CP] Embed Pods Frameworks */ = {
			isa = PBXShellScriptBuildPhase;
			buildActionMask = 2147483647;
			files = (
			);
			inputPaths = (
			);
			name = "[CP] Embed Pods Frameworks";
			outputPaths = (
			);
			runOnlyForDeploymentPostprocessing = 0;
			shellPath = /bin/sh;
			shellScript = "\"${SRCROOT}/Pods/Target Support Files/Pods-allegro/Pods-allegro-frameworks.sh\"\n";
			showEnvVarsInLog = 0;
		};
		96118104A06B1C2C0DE0687B /* [CP] Copy Pods Resources */ = {
			isa = PBXShellScriptBuildPhase;
			buildActionMask = 2147483647;
			files = (
			);
			inputPaths = (
			);
			name = "[CP] Copy Pods Resources";
			outputPaths = (
			);
			runOnlyForDeploymentPostprocessing = 0;
			shellPath = /bin/sh;
			shellScript = "\"${SRCROOT}/Pods/Target Support Files/Pods-allegroUITests/Pods-allegroUITests-resources.sh\"\n";
			showEnvVarsInLog = 0;
		};
		DA42C8FAD02770EFCC9A5FF6 /* [CP] Copy Pods Resources */ = {
			isa = PBXShellScriptBuildPhase;
			buildActionMask = 2147483647;
			files = (
			);
			inputPaths = (
			);
			name = "[CP] Copy Pods Resources";
			outputPaths = (
			);
			runOnlyForDeploymentPostprocessing = 0;
			shellPath = /bin/sh;
			shellScript = "\"${SRCROOT}/Pods/Target Support Files/Pods-allegro/Pods-allegro-resources.sh\"\n";
			showEnvVarsInLog = 0;
		};
		DC731A5C64E62C72909554E1 /* [CP] Copy Pods Resources */ = {
			isa = PBXShellScriptBuildPhase;
			buildActionMask = 2147483647;
			files = (
			);
			inputPaths = (
			);
			name = "[CP] Copy Pods Resources";
			outputPaths = (
			);
			runOnlyForDeploymentPostprocessing = 0;
			shellPath = /bin/sh;
			shellScript = "\"${SRCROOT}/Pods/Target Support Files/Pods-allegroTests/Pods-allegroTests-resources.sh\"\n";
			showEnvVarsInLog = 0;
		};
		E00924FEA3884076A30D4DBC /* [CP] Check Pods Manifest.lock */ = {
			isa = PBXShellScriptBuildPhase;
			buildActionMask = 2147483647;
			files = (
			);
			inputPaths = (
			);
			name = "[CP] Check Pods Manifest.lock";
			outputPaths = (
			);
			runOnlyForDeploymentPostprocessing = 0;
			shellPath = /bin/sh;
			shellScript = "diff \"${PODS_ROOT}/../Podfile.lock\" \"${PODS_ROOT}/Manifest.lock\" > /dev/null\nif [ $? != 0 ] ; then\n    # print error to STDERR\n    echo \"error: The sandbox is not in sync with the Podfile.lock. Run 'pod install' or update your CocoaPods installation.\" >&2\n    exit 1\nfi\n";
			showEnvVarsInLog = 0;
		};
		E06EB8309099F1BE49B38723 /* [CP] Embed Pods Frameworks */ = {
			isa = PBXShellScriptBuildPhase;
			buildActionMask = 2147483647;
			files = (
			);
			inputPaths = (
			);
			name = "[CP] Embed Pods Frameworks";
			outputPaths = (
			);
			runOnlyForDeploymentPostprocessing = 0;
			shellPath = /bin/sh;
			shellScript = "\"${SRCROOT}/Pods/Target Support Files/Pods-allegroUITests/Pods-allegroUITests-frameworks.sh\"\n";
			showEnvVarsInLog = 0;
		};
		E2C2EA73734A957A318784FC /* [CP] Embed Pods Frameworks */ = {
			isa = PBXShellScriptBuildPhase;
			buildActionMask = 2147483647;
			files = (
			);
			inputPaths = (
			);
			name = "[CP] Embed Pods Frameworks";
			outputPaths = (
			);
			runOnlyForDeploymentPostprocessing = 0;
			shellPath = /bin/sh;
			shellScript = "\"${SRCROOT}/Pods/Target Support Files/Pods-allegroTests/Pods-allegroTests-frameworks.sh\"\n";
			showEnvVarsInLog = 0;
		};
/* End PBXShellScriptBuildPhase section */

/* Begin PBXSourcesBuildPhase section */
		6B6E26E61E288F8200F9CF66 /* Sources */ = {
			isa = PBXSourcesBuildPhase;
			buildActionMask = 2147483647;
			files = (
				6B6774AB1E2D7FF700399BDC /* Triplet.swift in Sources */,
				6B6E27291E28B17F00F9CF66 /* DBPathRecognizer.swift in Sources */,
				6B6774A91E2D7FEF00399BDC /* Tie.swift in Sources */,
				32B8678A1E2D79F80029F946 /* MeasureView.swift in Sources */,
				6B6E272B1E28B77900F9CF66 /* ActionGestureRecognizer.swift in Sources */,
				6B6774A51E2D7FD600399BDC /* Measure.swift in Sources */,
				6B6E27221E289D4600F9CF66 /* HomeMenuViewController.swift in Sources */,
				6B6774A31E2D7FC600399BDC /* Note.swift in Sources */,
				6B6E26EE1E288F8200F9CF66 /* AppDelegate.swift in Sources */,
				6B6E27271E28B05100F9CF66 /* CompositionViewController.swift in Sources */,
				6B6E27201E28985F00F9CF66 /* Utils.swift in Sources */,
				6B6774A71E2D7FE600399BDC /* Part.swift in Sources */,
				6B6E27241E289DE000F9CF66 /* RootNavigationViewController.swift in Sources */,
			);
			runOnlyForDeploymentPostprocessing = 0;
		};
		6B6E26FA1E288F8200F9CF66 /* Sources */ = {
			isa = PBXSourcesBuildPhase;
			buildActionMask = 2147483647;
			files = (
				6B6E27031E288F8200F9CF66 /* allegroTests.swift in Sources */,
			);
			runOnlyForDeploymentPostprocessing = 0;
		};
		6B6E27051E288F8200F9CF66 /* Sources */ = {
			isa = PBXSourcesBuildPhase;
			buildActionMask = 2147483647;
			files = (
				6B6E270E1E288F8200F9CF66 /* allegroUITests.swift in Sources */,
			);
			runOnlyForDeploymentPostprocessing = 0;
		};
/* End PBXSourcesBuildPhase section */

/* Begin PBXTargetDependency section */
		6B6E27001E288F8200F9CF66 /* PBXTargetDependency */ = {
			isa = PBXTargetDependency;
			target = 6B6E26E91E288F8200F9CF66 /* allegro */;
			targetProxy = 6B6E26FF1E288F8200F9CF66 /* PBXContainerItemProxy */;
		};
		6B6E270B1E288F8200F9CF66 /* PBXTargetDependency */ = {
			isa = PBXTargetDependency;
			target = 6B6E26E91E288F8200F9CF66 /* allegro */;
			targetProxy = 6B6E270A1E288F8200F9CF66 /* PBXContainerItemProxy */;
		};
/* End PBXTargetDependency section */

/* Begin PBXVariantGroup section */
		6B6E26F61E288F8200F9CF66 /* LaunchScreen.storyboard */ = {
			isa = PBXVariantGroup;
			children = (
				6B6E26F71E288F8200F9CF66 /* Base */,
			);
			name = LaunchScreen.storyboard;
			sourceTree = "<group>";
		};
/* End PBXVariantGroup section */

/* Begin XCBuildConfiguration section */
		6B6E27101E288F8200F9CF66 /* Debug */ = {
			isa = XCBuildConfiguration;
			buildSettings = {
				ALWAYS_SEARCH_USER_PATHS = NO;
				CLANG_ANALYZER_NONNULL = YES;
				CLANG_CXX_LANGUAGE_STANDARD = "gnu++0x";
				CLANG_CXX_LIBRARY = "libc++";
				CLANG_ENABLE_MODULES = YES;
				CLANG_ENABLE_OBJC_ARC = YES;
				CLANG_WARN_BOOL_CONVERSION = YES;
				CLANG_WARN_CONSTANT_CONVERSION = YES;
				CLANG_WARN_DIRECT_OBJC_ISA_USAGE = YES_ERROR;
				CLANG_WARN_DOCUMENTATION_COMMENTS = YES;
				CLANG_WARN_EMPTY_BODY = YES;
				CLANG_WARN_ENUM_CONVERSION = YES;
				CLANG_WARN_INFINITE_RECURSION = YES;
				CLANG_WARN_INT_CONVERSION = YES;
				CLANG_WARN_OBJC_ROOT_CLASS = YES_ERROR;
				CLANG_WARN_SUSPICIOUS_MOVE = YES;
				CLANG_WARN_UNREACHABLE_CODE = YES;
				CLANG_WARN__DUPLICATE_METHOD_MATCH = YES;
				"CODE_SIGN_IDENTITY[sdk=iphoneos*]" = "iPhone Developer";
				COPY_PHASE_STRIP = NO;
				DEBUG_INFORMATION_FORMAT = dwarf;
				ENABLE_STRICT_OBJC_MSGSEND = YES;
				ENABLE_TESTABILITY = YES;
				GCC_C_LANGUAGE_STANDARD = gnu99;
				GCC_DYNAMIC_NO_PIC = NO;
				GCC_NO_COMMON_BLOCKS = YES;
				GCC_OPTIMIZATION_LEVEL = 0;
				GCC_PREPROCESSOR_DEFINITIONS = (
					"DEBUG=1",
					"$(inherited)",
				);
				GCC_WARN_64_TO_32_BIT_CONVERSION = YES;
				GCC_WARN_ABOUT_RETURN_TYPE = YES_ERROR;
				GCC_WARN_UNDECLARED_SELECTOR = YES;
				GCC_WARN_UNINITIALIZED_AUTOS = YES_AGGRESSIVE;
				GCC_WARN_UNUSED_FUNCTION = YES;
				GCC_WARN_UNUSED_VARIABLE = YES;
				IPHONEOS_DEPLOYMENT_TARGET = 10.2;
				MTL_ENABLE_DEBUG_INFO = YES;
				ONLY_ACTIVE_ARCH = YES;
				SDKROOT = iphoneos;
				SWIFT_ACTIVE_COMPILATION_CONDITIONS = DEBUG;
				SWIFT_OPTIMIZATION_LEVEL = "-Onone";
			};
			name = Debug;
		};
		6B6E27111E288F8200F9CF66 /* Release */ = {
			isa = XCBuildConfiguration;
			buildSettings = {
				ALWAYS_SEARCH_USER_PATHS = NO;
				CLANG_ANALYZER_NONNULL = YES;
				CLANG_CXX_LANGUAGE_STANDARD = "gnu++0x";
				CLANG_CXX_LIBRARY = "libc++";
				CLANG_ENABLE_MODULES = YES;
				CLANG_ENABLE_OBJC_ARC = YES;
				CLANG_WARN_BOOL_CONVERSION = YES;
				CLANG_WARN_CONSTANT_CONVERSION = YES;
				CLANG_WARN_DIRECT_OBJC_ISA_USAGE = YES_ERROR;
				CLANG_WARN_DOCUMENTATION_COMMENTS = YES;
				CLANG_WARN_EMPTY_BODY = YES;
				CLANG_WARN_ENUM_CONVERSION = YES;
				CLANG_WARN_INFINITE_RECURSION = YES;
				CLANG_WARN_INT_CONVERSION = YES;
				CLANG_WARN_OBJC_ROOT_CLASS = YES_ERROR;
				CLANG_WARN_SUSPICIOUS_MOVE = YES;
				CLANG_WARN_UNREACHABLE_CODE = YES;
				CLANG_WARN__DUPLICATE_METHOD_MATCH = YES;
				"CODE_SIGN_IDENTITY[sdk=iphoneos*]" = "iPhone Developer";
				COPY_PHASE_STRIP = NO;
				DEBUG_INFORMATION_FORMAT = "dwarf-with-dsym";
				ENABLE_NS_ASSERTIONS = NO;
				ENABLE_STRICT_OBJC_MSGSEND = YES;
				GCC_C_LANGUAGE_STANDARD = gnu99;
				GCC_NO_COMMON_BLOCKS = YES;
				GCC_WARN_64_TO_32_BIT_CONVERSION = YES;
				GCC_WARN_ABOUT_RETURN_TYPE = YES_ERROR;
				GCC_WARN_UNDECLARED_SELECTOR = YES;
				GCC_WARN_UNINITIALIZED_AUTOS = YES_AGGRESSIVE;
				GCC_WARN_UNUSED_FUNCTION = YES;
				GCC_WARN_UNUSED_VARIABLE = YES;
				IPHONEOS_DEPLOYMENT_TARGET = 10.2;
				MTL_ENABLE_DEBUG_INFO = NO;
				SDKROOT = iphoneos;
				SWIFT_OPTIMIZATION_LEVEL = "-Owholemodule";
				VALIDATE_PRODUCT = YES;
			};
			name = Release;
		};
		6B6E27131E288F8200F9CF66 /* Debug */ = {
			isa = XCBuildConfiguration;
			baseConfigurationReference = B48B0377F0C8F35F8EAD5DDB /* Pods-allegro.debug.xcconfig */;
			buildSettings = {
				ASSETCATALOG_COMPILER_APPICON_NAME = AppIcon;
				"CODE_SIGN_IDENTITY[sdk=iphoneos*]" = "iPhone Developer";
				CURRENT_PROJECT_VERSION = 3;
				DEVELOPMENT_TEAM = 976H852GCK;
				FRAMEWORK_SEARCH_PATHS = (
					"$(inherited)",
					"$(PROJECT_DIR)/Carthage/Build/iOS",
				);
				INFOPLIST_FILE = allegro/Info.plist;
				IPHONEOS_DEPLOYMENT_TARGET = 9.0;
				LD_RUNPATH_SEARCH_PATHS = "$(inherited) @executable_path/Frameworks";
				PRODUCT_BUNDLE_IDENTIFIER = gu.allegro;
				PRODUCT_NAME = "$(TARGET_NAME)";
				PROVISIONING_PROFILE = "b202fcc0-871e-4157-b1d6-f75c18801aa5";
				PROVISIONING_PROFILE_SPECIFIER = "match Development gu.allegro";
				SWIFT_VERSION = 3.0;
			};
			name = Debug;
		};
		6B6E27141E288F8200F9CF66 /* Release */ = {
			isa = XCBuildConfiguration;
			baseConfigurationReference = 3CB49C9AC2B9AA905E6A3B0A /* Pods-allegro.release.xcconfig */;
			buildSettings = {
				ASSETCATALOG_COMPILER_APPICON_NAME = AppIcon;
				"CODE_SIGN_IDENTITY[sdk=iphoneos*]" = "iPhone Distribution";
				CURRENT_PROJECT_VERSION = 3;
				DEVELOPMENT_TEAM = 976H852GCK;
				FRAMEWORK_SEARCH_PATHS = (
					"$(inherited)",
					"$(PROJECT_DIR)/Carthage/Build/iOS",
				);
				INFOPLIST_FILE = allegro/Info.plist;
				IPHONEOS_DEPLOYMENT_TARGET = 9.0;
				LD_RUNPATH_SEARCH_PATHS = "$(inherited) @executable_path/Frameworks";
				PRODUCT_BUNDLE_IDENTIFIER = gu.allegro;
				PRODUCT_NAME = "$(TARGET_NAME)";
				PROVISIONING_PROFILE = "06798490-b451-4e54-9dff-eed34d1940f4";
				PROVISIONING_PROFILE_SPECIFIER = "match AppStore gu.allegro";
				SWIFT_VERSION = 3.0;
			};
			name = Release;
		};
		6B6E27161E288F8200F9CF66 /* Debug */ = {
			isa = XCBuildConfiguration;
			baseConfigurationReference = DACD8BC72E26DC8A51C2E082 /* Pods-allegroTests.debug.xcconfig */;
			buildSettings = {
				ALWAYS_EMBED_SWIFT_STANDARD_LIBRARIES = YES;
				BUNDLE_LOADER = "$(TEST_HOST)";
				DEVELOPMENT_TEAM = 976H852GCK;
				INFOPLIST_FILE = allegroTests/Info.plist;
				LD_RUNPATH_SEARCH_PATHS = "$(inherited) @executable_path/Frameworks @loader_path/Frameworks";
				PRODUCT_BUNDLE_IDENTIFIER = gu.allegroTests;
				PRODUCT_NAME = "$(TARGET_NAME)";
				SWIFT_VERSION = 3.0;
				TEST_HOST = "$(BUILT_PRODUCTS_DIR)/allegro.app/allegro";
			};
			name = Debug;
		};
		6B6E27171E288F8200F9CF66 /* Release */ = {
			isa = XCBuildConfiguration;
			baseConfigurationReference = 9EA11674E74CCF5EDB06D551 /* Pods-allegroTests.release.xcconfig */;
			buildSettings = {
				ALWAYS_EMBED_SWIFT_STANDARD_LIBRARIES = YES;
				BUNDLE_LOADER = "$(TEST_HOST)";
				DEVELOPMENT_TEAM = 976H852GCK;
				INFOPLIST_FILE = allegroTests/Info.plist;
				LD_RUNPATH_SEARCH_PATHS = "$(inherited) @executable_path/Frameworks @loader_path/Frameworks";
				PRODUCT_BUNDLE_IDENTIFIER = gu.allegroTests;
				PRODUCT_NAME = "$(TARGET_NAME)";
				SWIFT_VERSION = 3.0;
				TEST_HOST = "$(BUILT_PRODUCTS_DIR)/allegro.app/allegro";
			};
			name = Release;
		};
		6B6E27191E288F8200F9CF66 /* Debug */ = {
			isa = XCBuildConfiguration;
			baseConfigurationReference = BEA53266E630B8937E68457C /* Pods-allegroUITests.debug.xcconfig */;
			buildSettings = {
				ALWAYS_EMBED_SWIFT_STANDARD_LIBRARIES = YES;
				DEVELOPMENT_TEAM = 976H852GCK;
				INFOPLIST_FILE = allegroUITests/Info.plist;
				LD_RUNPATH_SEARCH_PATHS = "$(inherited) @executable_path/Frameworks @loader_path/Frameworks";
				PRODUCT_BUNDLE_IDENTIFIER = gu.allegroUITests;
				PRODUCT_NAME = "$(TARGET_NAME)";
				SWIFT_VERSION = 3.0;
				TEST_TARGET_NAME = allegro;
			};
			name = Debug;
		};
		6B6E271A1E288F8200F9CF66 /* Release */ = {
			isa = XCBuildConfiguration;
			baseConfigurationReference = 29F82434DECE1C4DB0338477 /* Pods-allegroUITests.release.xcconfig */;
			buildSettings = {
				ALWAYS_EMBED_SWIFT_STANDARD_LIBRARIES = YES;
				DEVELOPMENT_TEAM = 976H852GCK;
				INFOPLIST_FILE = allegroUITests/Info.plist;
				LD_RUNPATH_SEARCH_PATHS = "$(inherited) @executable_path/Frameworks @loader_path/Frameworks";
				PRODUCT_BUNDLE_IDENTIFIER = gu.allegroUITests;
				PRODUCT_NAME = "$(TARGET_NAME)";
				SWIFT_VERSION = 3.0;
				TEST_TARGET_NAME = allegro;
			};
			name = Release;
		};
/* End XCBuildConfiguration section */

/* Begin XCConfigurationList section */
		6B6E26E51E288F8200F9CF66 /* Build configuration list for PBXProject "allegro" */ = {
			isa = XCConfigurationList;
			buildConfigurations = (
				6B6E27101E288F8200F9CF66 /* Debug */,
				6B6E27111E288F8200F9CF66 /* Release */,
			);
			defaultConfigurationIsVisible = 0;
			defaultConfigurationName = Release;
		};
		6B6E27121E288F8200F9CF66 /* Build configuration list for PBXNativeTarget "allegro" */ = {
			isa = XCConfigurationList;
			buildConfigurations = (
				6B6E27131E288F8200F9CF66 /* Debug */,
				6B6E27141E288F8200F9CF66 /* Release */,
			);
			defaultConfigurationIsVisible = 0;
			defaultConfigurationName = Release;
		};
		6B6E27151E288F8200F9CF66 /* Build configuration list for PBXNativeTarget "allegroTests" */ = {
			isa = XCConfigurationList;
			buildConfigurations = (
				6B6E27161E288F8200F9CF66 /* Debug */,
				6B6E27171E288F8200F9CF66 /* Release */,
			);
			defaultConfigurationIsVisible = 0;
			defaultConfigurationName = Release;
		};
		6B6E27181E288F8200F9CF66 /* Build configuration list for PBXNativeTarget "allegroUITests" */ = {
			isa = XCConfigurationList;
			buildConfigurations = (
				6B6E27191E288F8200F9CF66 /* Debug */,
				6B6E271A1E288F8200F9CF66 /* Release */,
			);
			defaultConfigurationIsVisible = 0;
			defaultConfigurationName = Release;
		};
/* End XCConfigurationList section */
	};
	rootObject = 6B6E26E21E288F8200F9CF66 /* Project object */;
}
